<Solution>
  <Configurations>
    <Platform Name="Any CPU" />
    <Platform Name="x64" />
    <Platform Name="x86" />
  </Configurations>
  <Folder Name="/src/Platform/">
    <Project Path="src/Granit.Browsing.Playwright/Granit.Browsing.Playwright.csproj" />
    <Project Path="src/Granit.Browsing.PuppeteerSharp/Granit.Browsing.PuppeteerSharp.csproj" />
    <Project Path="src/Granit.Browsing/Granit.Browsing.csproj" />
    <Project Path="src/Granit.DataLookup.Abstractions/Granit.DataLookup.Abstractions.csproj" />
    <Project Path="src/Granit.DataLookup.Endpoints/Granit.DataLookup.Endpoints.csproj" />
    <Project Path="src/Granit.DataLookup.EntityFrameworkCore/Granit.DataLookup.EntityFrameworkCore.csproj" />
    <Project Path="src/Granit.DataLookup/Granit.DataLookup.csproj" />
    <Project Path="src/Granit.Diagnostics.Endpoints/Granit.Diagnostics.Endpoints.csproj" />
    <Project Path="src/Granit.Diagnostics/Granit.Diagnostics.csproj" />
    <Project Path="src/Granit.Entities.Abstractions/Granit.Entities.Abstractions.csproj" />
    <Project Path="src/Granit.EntityMerge.BackgroundJobs/Granit.EntityMerge.BackgroundJobs.csproj" />
    <Project Path="src/Granit.EntityMerge.EntityFrameworkCore/Granit.EntityMerge.EntityFrameworkCore.csproj" />
    <Project Path="src/Granit.EntityMerge/Granit.EntityMerge.csproj" />
    <Project Path="src/Granit.Geocoding.Abstractions/Granit.Geocoding.Abstractions.csproj" />
    <Project Path="src/Granit.Geocoding.Nominatim/Granit.Geocoding.Nominatim.csproj" />
    <Project Path="src/Granit.Geocoding.Photon/Granit.Geocoding.Photon.csproj" />
    <Project Path="src/Granit.Geocoding/Granit.Geocoding.csproj" />
    <Project Path="src/Granit.Guids/Granit.Guids.csproj" />
    <Project Path="src/Granit.Hostnames.BackgroundJobs/Granit.Hostnames.BackgroundJobs.csproj" />
    <Project Path="src/Granit.Hostnames.Endpoints/Granit.Hostnames.Endpoints.csproj" />
    <Project Path="src/Granit.Hostnames.EntityFrameworkCore/Granit.Hostnames.EntityFrameworkCore.csproj" />
    <Project Path="src/Granit.Hostnames.Notifications/Granit.Hostnames.Notifications.csproj" />
    <Project Path="src/Granit.Hostnames/Granit.Hostnames.csproj" />
    <Project Path="src/Granit.Html.AngleSharp/Granit.Html.AngleSharp.csproj" />
    <Project Path="src/Granit.Html/Granit.Html.csproj" />
    <Project Path="src/Granit.Http.Idempotency.Abstractions/Granit.Http.Idempotency.Abstractions.csproj" />
    <Project Path="src/Granit.Http.ApiDocumentation/Granit.Http.ApiDocumentation.csproj" />
    <Project Path="src/Granit.Http.ApiDocumentation.Scalar/Granit.Http.ApiDocumentation.Scalar.csproj" />
    <Project Path="src/Granit.Bulkhead/Granit.Bulkhead.csproj" />
    <Project Path="src/Granit.Bulkhead.Wolverine/Granit.Bulkhead.Wolverine.csproj" />
    <Project Path="src/Granit.Http.Bulkhead/Granit.Http.Bulkhead.csproj" />
    <Project Path="src/Granit.Http.Cookies.CookieConsent/Granit.Http.Cookies.CookieConsent.csproj" />
    <Project Path="src/Granit.Http.Hosting/Granit.Http.Hosting.csproj" />
    <Project Path="src/Granit.Http.ExceptionHandling/Granit.Http.ExceptionHandling.csproj" />
    <Project Path="src/Granit.Http.Features/Granit.Http.Features.csproj" />
    <Project Path="src/Granit.Http.Idempotency.StackExchangeRedis/Granit.Http.Idempotency.StackExchangeRedis.csproj" />
    <Project Path="src/Granit.Http.Idempotency/Granit.Http.Idempotency.csproj" />
    <Project Path="src/Granit.Http.ODataExposure/Granit.Http.ODataExposure.csproj" />
    <Project Path="src/Granit.Http.OutputCaching.StackExchangeRedis/Granit.Http.OutputCaching.StackExchangeRedis.csproj" />
    <Project Path="src/Granit.Http.OutputCaching/Granit.Http.OutputCaching.csproj" />
    <Project Path="src/Granit.Http.RateLimiting/Granit.Http.RateLimiting.csproj" />
    <Project Path="src/Granit.Http.Resilience/Granit.Http.Resilience.csproj" />
    <Project Path="src/Granit.Http.UrlSafety/Granit.Http.UrlSafety.csproj" />
    <Project Path="src/Granit.Http.SecurityHeaders.Abstractions/Granit.Http.SecurityHeaders.Abstractions.csproj" />
    <Project Path="src/Granit.Http.SecurityHeaders/Granit.Http.SecurityHeaders.csproj" />
    <Project Path="src/Granit.IO/Granit.IO.csproj" />
    <Project Path="src/Granit.Indexing.AI/Granit.Indexing.AI.csproj" />
    <Project Path="src/Granit.Indexing.BackgroundJobs/Granit.Indexing.BackgroundJobs.csproj" />
    <Project Path="src/Granit.Indexing.Elasticsearch/Granit.Indexing.Elasticsearch.csproj" />
    <Project Path="src/Granit.Indexing.Embeddings/Granit.Indexing.Embeddings.csproj" />
    <Project Path="src/Granit.Indexing.EntityFrameworkCore/Granit.Indexing.EntityFrameworkCore.csproj" />
    <Project Path="src/Granit.Indexing.Privacy/Granit.Indexing.Privacy.csproj" />
    <Project Path="src/Granit.Indexing/Granit.Indexing.csproj" />
    <Project Path="src/Granit.IpGeolocation.Abstractions/Granit.IpGeolocation.Abstractions.csproj" />
    <Project Path="src/Granit.IpGeolocation.IpInfo/Granit.IpGeolocation.IpInfo.csproj" />
    <Project Path="src/Granit.IpGeolocation.MaxMind/Granit.IpGeolocation.MaxMind.csproj" />
    <Project Path="src/Granit.IpGeolocation/Granit.IpGeolocation.csproj" />
    <Project Path="src/Granit.LanguageDetection.AI/Granit.LanguageDetection.AI.csproj" />
    <Project Path="src/Granit.LanguageDetection.Trigram/Granit.LanguageDetection.Trigram.csproj" />
    <Project Path="src/Granit.LanguageDetection/Granit.LanguageDetection.csproj" />
    <Project Path="src/Granit.Mcp.Client/Granit.Mcp.Client.csproj" />
    <Project Path="src/Granit.Mcp.Server/Granit.Mcp.Server.csproj" />
    <Project Path="src/Granit.Mcp/Granit.Mcp.csproj" />
    <Project Path="src/Granit.MultiTenancy.Auditing/Granit.MultiTenancy.Auditing.csproj" />
    <Project Path="src/Granit.MultiTenancy.Authorization/Granit.MultiTenancy.Authorization.csproj" />
    <Project Path="src/Granit.MultiTenancy.Endpoints/Granit.MultiTenancy.Endpoints.csproj" />
    <Project Path="src/Granit.MultiTenancy.EntityFrameworkCore/Granit.MultiTenancy.EntityFrameworkCore.csproj" />
    <Project Path="src/Granit.MultiTenancy.Provisioning/Granit.MultiTenancy.Provisioning.csproj" />
    <Project Path="src/Granit.MultiTenancy/Granit.MultiTenancy.csproj" />
    <Project Path="src/Granit.Observability.AI/Granit.Observability.AI.csproj" />
    <Project Path="src/Granit.Observability/Granit.Observability.csproj" />
    <Project Path="src/Granit.Oidc.TokenManagement/Granit.Oidc.TokenManagement.csproj" />
    <Project Path="src/Granit.Oidc/Granit.Oidc.csproj" />
    <Project Path="src/Granit.OpenApi.Generation/Granit.OpenApi.Generation.csproj" />
    <Project Path="src/Granit.OpenApi.Generator/Granit.OpenApi.Generator.csproj" />
    <Project Path="src/Granit.Presence.Endpoints/Granit.Presence.Endpoints.csproj" />
    <Project Path="src/Granit.Presence.EntityFrameworkCore/Granit.Presence.EntityFrameworkCore.csproj" />
    <Project Path="src/Granit.Presence.Notifications/Granit.Presence.Notifications.csproj" />
    <Project Path="src/Granit.Presence.Wolverine/Granit.Presence.Wolverine.csproj" />
    <Project Path="src/Granit.Presence/Granit.Presence.csproj" />
    <Project Path="src/Granit.RateLimiting.Wolverine/Granit.RateLimiting.Wolverine.csproj" />
    <Project Path="src/Granit.RateLimiting/Granit.RateLimiting.csproj" />
    <Project Path="src/Granit.Scheduling.BackgroundJobs/Granit.Scheduling.BackgroundJobs.csproj" />
    <Project Path="src/Granit.Scheduling.Endpoints/Granit.Scheduling.Endpoints.csproj" />
    <Project Path="src/Granit.Scheduling.EntityFrameworkCore/Granit.Scheduling.EntityFrameworkCore.csproj" />
    <Project Path="src/Granit.Scheduling.Notifications/Granit.Scheduling.Notifications.csproj" />
    <Project Path="src/Granit.Scheduling.Wolverine/Granit.Scheduling.Wolverine.csproj" />
    <Project Path="src/Granit.Scheduling/Granit.Scheduling.csproj" />
    <Project Path="src/Granit.TextExtraction.Email/Granit.TextExtraction.Email.csproj" />
    <Project Path="src/Granit.TextExtraction.Ocr.AI/Granit.TextExtraction.Ocr.AI.csproj" />
    <Project Path="src/Granit.TextExtraction.Ocr.Tesseract/Granit.TextExtraction.Ocr.Tesseract.csproj" />
    <Project Path="src/Granit.TextExtraction.Office/Granit.TextExtraction.Office.csproj" />
    <Project Path="src/Granit.TextExtraction.Pdf.Ocr/Granit.TextExtraction.Pdf.Ocr.csproj" />
    <Project Path="src/Granit.TextExtraction.Pdf/Granit.TextExtraction.Pdf.csproj" />
    <Project Path="src/Granit.TextExtraction.Text/Granit.TextExtraction.Text.csproj" />
    <Project Path="src/Granit.TextExtraction.Tika/Granit.TextExtraction.Tika.csproj" />
    <Project Path="src/Granit.TextExtraction/Granit.TextExtraction.csproj" />
    <Project Path="src/Granit.Timing/Granit.Timing.csproj" />
    <Project Path="src/Granit.Identity.Abstractions/Granit.Identity.Abstractions.csproj" />
    <Project Path="src/Granit.Identity.AnomalyDetection/Granit.Identity.AnomalyDetection.csproj" />
    <Project Path="src/Granit.Validation.AI/Granit.Validation.AI.csproj" />
    <Project Path="src/Granit.Validation.Endpoints/Granit.Validation.Endpoints.csproj" />
    <Project Path="src/Granit.Validation.Europe/Granit.Validation.Europe.csproj" />
    <Project Path="src/Granit.Validation.NorthAmerica/Granit.Validation.NorthAmerica.csproj" />
    <Project Path="src/Granit.Validation.UnitedKingdom/Granit.Validation.UnitedKingdom.csproj" />
    <Project Path="src/Granit.Validation/Granit.Validation.csproj" />
    <Project Path="src/Granit.Workspaces.Abstractions/Granit.Workspaces.Abstractions.csproj" />
    <Project Path="src/Granit/Granit.csproj" />
  </Folder>
  <Folder Name="/src/Security/">
    <Project Path="src/Granit.Authentication.ApiKeys.BackgroundJobs/Granit.Authentication.ApiKeys.BackgroundJobs.csproj" />
    <Project Path="src/Granit.Authentication.ApiKeys.Endpoints/Granit.Authentication.ApiKeys.Endpoints.csproj" />
    <Project Path="src/Granit.Authentication.ApiKeys.EntityFrameworkCore/Granit.Authentication.ApiKeys.EntityFrameworkCore.csproj" />
    <Project Path="src/Granit.Authentication.ApiKeys.Notifications/Granit.Authentication.ApiKeys.Notifications.csproj" />
    <Project Path="src/Granit.Authentication.ApiKeys/Granit.Authentication.ApiKeys.csproj" />
    <Project Path="src/Granit.Authentication.DPoP/Granit.Authentication.DPoP.csproj" />
    <Project Path="src/Granit.Authentication.External.Apple/Granit.Authentication.External.Apple.csproj" />
    <Project Path="src/Granit.Authentication.External.Facebook/Granit.Authentication.External.Facebook.csproj" />
    <Project Path="src/Granit.Authentication.External.GitHub/Granit.Authentication.External.GitHub.csproj" />
    <Project Path="src/Granit.Authentication.External.Google/Granit.Authentication.External.Google.csproj" />
    <Project Path="src/Granit.Authentication.External.Microsoft/Granit.Authentication.External.Microsoft.csproj" />
    <Project Path="src/Granit.Authentication.External.Oidc/Granit.Authentication.External.Oidc.csproj" />
    <Project Path="src/Granit.Authentication.External/Granit.Authentication.External.csproj" />
    <Project Path="src/Granit.Authentication.JwtBearer.Cognito/Granit.Authentication.JwtBearer.Cognito.csproj" />
    <Project Path="src/Granit.Authentication.JwtBearer.EntraId/Granit.Authentication.JwtBearer.EntraId.csproj" />
    <Project Path="src/Granit.Authentication.JwtBearer.GoogleCloud/Granit.Authentication.JwtBearer.GoogleCloud.csproj" />
    <Project Path="src/Granit.Authentication.JwtBearer.Keycloak/Granit.Authentication.JwtBearer.Keycloak.csproj" />
    <Project Path="src/Granit.Authentication.JwtBearer/Granit.Authentication.JwtBearer.csproj" />
    <Project Path="src/Granit.Authentication.OpenIddict/Granit.Authentication.OpenIddict.csproj" />
    <Project Path="src/Granit.Authentication/Granit.Authentication.csproj" />
    <Project Path="src/Granit.Authorization.AI/Granit.Authorization.AI.csproj" />
    <Project Path="src/Granit.Authorization.Endpoints/Granit.Authorization.Endpoints.csproj" />
    <Project Path="src/Granit.Authorization.EntityFrameworkCore/Granit.Authorization.EntityFrameworkCore.csproj" />
    <Project Path="src/Granit.Authorization/Granit.Authorization.csproj" />
    <Project Path="src/Granit.Bff.BackgroundJobs/Granit.Bff.BackgroundJobs.csproj" />
    <Project Path="src/Granit.Bff.Endpoints/Granit.Bff.Endpoints.csproj" />
    <Project Path="src/Granit.Bff.EntityFrameworkCore/Granit.Bff.EntityFrameworkCore.csproj" />
    <Project Path="src/Granit.Bff.UserSessions/Granit.Bff.UserSessions.csproj" />
    <Project Path="src/Granit.Bff.Yarp/Granit.Bff.Yarp.csproj" />
    <Project Path="src/Granit.Bff/Granit.Bff.csproj" />
    <Project Path="src/Granit.Encryption.EntityFrameworkCore/Granit.Encryption.EntityFrameworkCore.csproj" />
    <Project Path="src/Granit.Encryption/Granit.Encryption.csproj" />
    <Project Path="src/Granit.Identity.Endpoints/Granit.Identity.Endpoints.csproj" />
    <Project Path="src/Granit.Identity.EntityFrameworkCore/Granit.Identity.EntityFrameworkCore.csproj" />
    <Project Path="src/Granit.Identity.Federated.Cognito/Granit.Identity.Federated.Cognito.csproj" />
    <Project Path="src/Granit.Identity.Federated.BackgroundJobs/Granit.Identity.Federated.BackgroundJobs.csproj" />
    <Project Path="src/Granit.Identity.Federated.Endpoints/Granit.Identity.Federated.Endpoints.csproj" />
    <Project Path="src/Granit.Identity.Federated.EntityFrameworkCore/Granit.Identity.Federated.EntityFrameworkCore.csproj" />
    <Project Path="src/Granit.Identity.Federated.EntraId/Granit.Identity.Federated.EntraId.csproj" />
    <Project Path="src/Granit.Identity.Federated.GoogleCloud/Granit.Identity.Federated.GoogleCloud.csproj" />
    <Project Path="src/Granit.Identity.Federated.Keycloak/Granit.Identity.Federated.Keycloak.csproj" />
    <Project Path="src/Granit.Identity.Federated.Notifications/Granit.Identity.Federated.Notifications.csproj" />
    <Project Path="src/Granit.Identity.Federated.Privacy/Granit.Identity.Federated.Privacy.csproj" />
    <Project Path="src/Granit.Identity.Federated/Granit.Identity.Federated.csproj" />
    <Project Path="src/Granit.Identity.Local.AspNetIdentity/Granit.Identity.Local.AspNetIdentity.csproj" />
    <Project Path="src/Granit.Identity.Local.Endpoints/Granit.Identity.Local.Endpoints.csproj" />
    <Project Path="src/Granit.Identity.Local.Notifications/Granit.Identity.Local.Notifications.csproj" />
    <Project Path="src/Granit.Identity.Local.Privacy/Granit.Identity.Local.Privacy.csproj" />
    <Project Path="src/Granit.Identity.Local/Granit.Identity.Local.csproj" />
    <Project Path="src/Granit.Identity.Notifications/Granit.Identity.Notifications.csproj" />
    <Project Path="src/Granit.Identity/Granit.Identity.csproj" />
    <Project Path="src/Granit.OpenIddict.Abstractions/Granit.OpenIddict.Abstractions.csproj" />
    <Project Path="src/Granit.OpenIddict.BackgroundJobs/Granit.OpenIddict.BackgroundJobs.csproj" />
    <Project Path="src/Granit.OpenIddict.Endpoints/Granit.OpenIddict.Endpoints.csproj" />
    <Project Path="src/Granit.OpenIddict.EntityFrameworkCore/Granit.OpenIddict.EntityFrameworkCore.csproj" />
    <Project Path="src/Granit.OpenIddict.Server/Granit.OpenIddict.Server.csproj" />
    <Project Path="src/Granit.OpenIddict.Server.DPoP/Granit.OpenIddict.Server.DPoP.csproj" />
    <Project Path="src/Granit.OpenIddict/Granit.OpenIddict.csproj" />
    <Project Path="src/Granit.Vault.Aws/Granit.Vault.Aws.csproj" />
    <Project Path="src/Granit.Vault.Azure/Granit.Vault.Azure.csproj" />
    <Project Path="src/Granit.Vault.GoogleCloud/Granit.Vault.GoogleCloud.csproj" />
    <Project Path="src/Granit.Vault.HashiCorp/Granit.Vault.HashiCorp.csproj" />
    <Project Path="src/Granit.Vault/Granit.Vault.csproj" />
  </Folder>
  <Folder Name="/src/Application/">
    <Project Path="src/Granit.DataExchange.AI/Granit.DataExchange.AI.csproj" />
    <Project Path="src/Granit.DataExchange.Abstractions/Granit.DataExchange.Abstractions.csproj" />
    <Project Path="src/Granit.DataExchange.BackgroundJobs/Granit.DataExchange.BackgroundJobs.csproj" />
    <Project Path="src/Granit.DataExchange.BlobStorage/Granit.DataExchange.BlobStorage.csproj" />
    <Project Path="src/Granit.DataExchange.Csv/Granit.DataExchange.Csv.csproj" />
    <Project Path="src/Granit.DataExchange.Endpoints/Granit.DataExchange.Endpoints.csproj" />
    <Project Path="src/Granit.DataExchange.EntityFrameworkCore/Granit.DataExchange.EntityFrameworkCore.csproj" />
    <Project Path="src/Granit.DataExchange.Excel/Granit.DataExchange.Excel.csproj" />
    <Project Path="src/Granit.DataExchange.Json/Granit.DataExchange.Json.csproj" />
    <Project Path="src/Granit.DataExchange.Xml/Granit.DataExchange.Xml.csproj" />
    <Project Path="src/Granit.DataExchange/Granit.DataExchange.csproj" />
    <Project Path="src/Granit.DocumentGeneration.Excel/Granit.DocumentGeneration.Excel.csproj" />
    <Project Path="src/Granit.DocumentGeneration.Pdf/Granit.DocumentGeneration.Pdf.csproj" />
    <Project Path="src/Granit.DocumentGeneration/Granit.DocumentGeneration.csproj" />
    <Project Path="src/Granit.Features.Endpoints/Granit.Features.Endpoints.csproj" />
    <Project Path="src/Granit.Features.EntityFrameworkCore/Granit.Features.EntityFrameworkCore.csproj" />
    <Project Path="src/Granit.Features.Wolverine/Granit.Features.Wolverine.csproj" />
    <Project Path="src/Granit.Features/Granit.Features.csproj" />
    <Project Path="src/Granit.Localization.AI/Granit.Localization.AI.csproj" />
    <Project Path="src/Granit.Localization.Endpoints/Granit.Localization.Endpoints.csproj" />
    <Project Path="src/Granit.Localization.EntityFrameworkCore/Granit.Localization.EntityFrameworkCore.csproj" />
    <Project Path="src/Granit.Localization.SourceGenerator/Granit.Localization.SourceGenerator.csproj" />
    <Project Path="src/Granit.Localization/Granit.Localization.csproj" />
    <Project Path="src/Granit.QueryEngine.AI/Granit.QueryEngine.AI.csproj" />
    <Project Path="src/Granit.QueryEngine.AI.Tools/Granit.QueryEngine.AI.Tools.csproj" />
    <Project Path="src/Granit.QueryEngine.Abstractions/Granit.QueryEngine.Abstractions.csproj" />
    <Project Path="src/Granit.QueryEngine.Endpoints/Granit.QueryEngine.Endpoints.csproj" />
    <Project Path="src/Granit.QueryEngine.EntityFrameworkCore/Granit.QueryEngine.EntityFrameworkCore.csproj" />
    <Project Path="src/Granit.Settings.Endpoints/Granit.Settings.Endpoints.csproj" />
    <Project Path="src/Granit.Settings.EntityFrameworkCore/Granit.Settings.EntityFrameworkCore.csproj" />
    <Project Path="src/Granit.Settings/Granit.Settings.csproj" />
    <Project Path="src/Granit.Templating.AI/Granit.Templating.AI.csproj" />
    <Project Path="src/Granit.Templating.Endpoints/Granit.Templating.Endpoints.csproj" />
    <Project Path="src/Granit.Templating.EntityFrameworkCore/Granit.Templating.EntityFrameworkCore.csproj" />
    <Project Path="src/Granit.Templating.Mjml/Granit.Templating.Mjml.csproj" />
    <Project Path="src/Granit.Templating.Scriban/Granit.Templating.Scriban.csproj" />
    <Project Path="src/Granit.Templating.Workflow/Granit.Templating.Workflow.csproj" />
    <Project Path="src/Granit.Templating/Granit.Templating.csproj" />
    <Project Path="src/Granit.Timeline.AI/Granit.Timeline.AI.csproj" />
    <Project Path="src/Granit.Timeline.Auditing/Granit.Timeline.Auditing.csproj" />
    <Project Path="src/Granit.Timeline.Endpoints/Granit.Timeline.Endpoints.csproj" />
    <Project Path="src/Granit.Timeline.EntityFrameworkCore/Granit.Timeline.EntityFrameworkCore.csproj" />
    <Project Path="src/Granit.Timeline.Notifications/Granit.Timeline.Notifications.csproj" />
    <Project Path="src/Granit.Timeline/Granit.Timeline.csproj" />
    <Project Path="src/Granit.Workflow.AI/Granit.Workflow.AI.csproj" />
    <Project Path="src/Granit.Workflow.Abstractions/Granit.Workflow.Abstractions.csproj" />
    <Project Path="src/Granit.Workflow.Endpoints/Granit.Workflow.Endpoints.csproj" />
    <Project Path="src/Granit.Workflow.EntityFrameworkCore/Granit.Workflow.EntityFrameworkCore.csproj" />
    <Project Path="src/Granit.Workflow.Notifications/Granit.Workflow.Notifications.csproj" />
    <Project Path="src/Granit.Workflow.Scheduling/Granit.Workflow.Scheduling.csproj" />
    <Project Path="src/Granit.Workflow/Granit.Workflow.csproj" />
  </Folder>
  <Folder Name="/src/Infrastructure/">
    <Project Path="src/Granit.BackgroundJobs.Endpoints/Granit.BackgroundJobs.Endpoints.csproj" />
    <Project Path="src/Granit.BackgroundJobs.EntityFrameworkCore/Granit.BackgroundJobs.EntityFrameworkCore.csproj" />
    <Project Path="src/Granit.BackgroundJobs.Notifications/Granit.BackgroundJobs.Notifications.csproj" />
    <Project Path="src/Granit.BackgroundJobs.Wolverine/Granit.BackgroundJobs.Wolverine.csproj" />
    <Project Path="src/Granit.BackgroundJobs/Granit.BackgroundJobs.csproj" />
    <Project Path="src/Granit.BlobStorage.AI/Granit.BlobStorage.AI.csproj" />
    <Project Path="src/Granit.BlobStorage.AzureBlob/Granit.BlobStorage.AzureBlob.csproj" />
    <Project Path="src/Granit.BlobStorage.BackgroundJobs/Granit.BlobStorage.BackgroundJobs.csproj" />
    <Project Path="src/Granit.BlobStorage.Database/Granit.BlobStorage.Database.csproj" />
    <Project Path="src/Granit.BlobStorage.Endpoints/Granit.BlobStorage.Endpoints.csproj" />
    <Project Path="src/Granit.BlobStorage.EntityFrameworkCore/Granit.BlobStorage.EntityFrameworkCore.csproj" />
    <Project Path="src/Granit.BlobStorage.FileSystem/Granit.BlobStorage.FileSystem.csproj" />
    <Project Path="src/Granit.BlobStorage.GoogleCloud/Granit.BlobStorage.GoogleCloud.csproj" />
    <Project Path="src/Granit.BlobStorage.Proxy/Granit.BlobStorage.Proxy.csproj" />
    <Project Path="src/Granit.BlobStorage.S3/Granit.BlobStorage.S3.csproj" />
    <Project Path="src/Granit.BlobStorage/Granit.BlobStorage.csproj" />
    <Project Path="src/Granit.Caching.StackExchangeRedis/Granit.Caching.StackExchangeRedis.csproj" />
    <Project Path="src/Granit.Caching.Vault/Granit.Caching.Vault.csproj" />
    <Project Path="src/Granit.Caching/Granit.Caching.csproj" />
    <Project Path="src/Granit.Events.Wolverine/Granit.Events.Wolverine.csproj" />
    <Project Path="src/Granit.Events/Granit.Events.csproj" />
    <Project Path="src/Granit.Imaging.AI/Granit.Imaging.AI.csproj" />
    <Project Path="src/Granit.Imaging.MagickNet/Granit.Imaging.MagickNet.csproj" />
    <Project Path="src/Granit.Imaging/Granit.Imaging.csproj" />
    <Project Path="src/Granit.Persistence.EntityFrameworkCore.Hosting/Granit.Persistence.EntityFrameworkCore.Hosting.csproj" />
    <Project Path="src/Granit.Persistence.EntityFrameworkCore.Migrations/Granit.Persistence.EntityFrameworkCore.Migrations.csproj" />
    <Project Path="src/Granit.Persistence.EntityFrameworkCore.Postgres/Granit.Persistence.EntityFrameworkCore.Postgres.csproj" />
    <Project Path="src/Granit.Persistence.EntityFrameworkCore.SqlServer/Granit.Persistence.EntityFrameworkCore.SqlServer.csproj" />
    <Project Path="src/Granit.Persistence.EntityFrameworkCore/Granit.Persistence.EntityFrameworkCore.csproj" />
    <Project Path="src/Granit.Persistence/Granit.Persistence.csproj" />
    <Project Path="src/Granit.Webhooks.BackgroundJobs/Granit.Webhooks.BackgroundJobs.csproj" />
    <Project Path="src/Granit.Webhooks.Endpoints/Granit.Webhooks.Endpoints.csproj" />
    <Project Path="src/Granit.Webhooks.EntityFrameworkCore/Granit.Webhooks.EntityFrameworkCore.csproj" />
    <Project Path="src/Granit.Webhooks.Notifications/Granit.Webhooks.Notifications.csproj" />
    <Project Path="src/Granit.Webhooks.Wolverine/Granit.Webhooks.Wolverine.csproj" />
    <Project Path="src/Granit.Webhooks/Granit.Webhooks.csproj" />
    <Project Path="src/Granit.Wolverine.Encryption/Granit.Wolverine.Encryption.csproj" />
    <Project Path="src/Granit.Wolverine.Postgresql/Granit.Wolverine.Postgresql.csproj" />
    <Project Path="src/Granit.Wolverine.SqlServer/Granit.Wolverine.SqlServer.csproj" />
    <Project Path="src/Granit.Wolverine/Granit.Wolverine.csproj" />
  </Folder>
  <Folder Name="/src/Compliance/">
    <Project Path="src/Granit.Auditing.Abstractions/Granit.Auditing.Abstractions.csproj" />
    <Project Path="src/Granit.Auditing.BackgroundJobs/Granit.Auditing.BackgroundJobs.csproj" />
    <Project Path="src/Granit.Auditing.ConfigurationChanges/Granit.Auditing.ConfigurationChanges.csproj" />
    <Project Path="src/Granit.Auditing.Endpoints/Granit.Auditing.Endpoints.csproj" />
    <Project Path="src/Granit.Auditing.EntityFrameworkCore/Granit.Auditing.EntityFrameworkCore.csproj" />
    <Project Path="src/Granit.Auditing.Notifications/Granit.Auditing.Notifications.csproj" />
    <Project Path="src/Granit.Auditing.Privacy/Granit.Auditing.Privacy.csproj" />
    <Project Path="src/Granit.Auditing/Granit.Auditing.csproj" />
    <Project Path="src/Granit.Http.Cookies.Endpoints/Granit.Http.Cookies.Endpoints.csproj" />
    <Project Path="src/Granit.Http.Cookies.EntityFrameworkCore/Granit.Http.Cookies.EntityFrameworkCore.csproj" />
    <Project Path="src/Granit.Http.Cookies/Granit.Http.Cookies.csproj" />
    <Project Path="src/Granit.Privacy.AI/Granit.Privacy.AI.csproj" />
    <Project Path="src/Granit.Privacy.Auditing/Granit.Privacy.Auditing.csproj" />
    <Project Path="src/Granit.Privacy.BackgroundJobs.Wolverine/Granit.Privacy.BackgroundJobs.Wolverine.csproj" />
    <Project Path="src/Granit.Privacy.BackgroundJobs/Granit.Privacy.BackgroundJobs.csproj" />
    <Project Path="src/Granit.Privacy.BlobStorage.Endpoints/Granit.Privacy.BlobStorage.Endpoints.csproj" />
    <Project Path="src/Granit.Privacy.BlobStorage/Granit.Privacy.BlobStorage.csproj" />
    <Project Path="src/Granit.Privacy.Endpoints/Granit.Privacy.Endpoints.csproj" />
    <Project Path="src/Granit.Privacy.EntityFrameworkCore/Granit.Privacy.EntityFrameworkCore.csproj" />
    <Project Path="src/Granit.Privacy.Notifications/Granit.Privacy.Notifications.csproj" />
    <Project Path="src/Granit.Privacy.Regulations.Cookies/Granit.Privacy.Regulations.Cookies.csproj" />
    <Project Path="src/Granit.Privacy.Regulations/Granit.Privacy.Regulations.csproj" />
    <Project Path="src/Granit.Privacy.Vault/Granit.Privacy.Vault.csproj" />
    <Project Path="src/Granit.Privacy.Wolverine/Granit.Privacy.Wolverine.csproj" />
    <Project Path="src/Granit.Privacy/Granit.Privacy.csproj" />
  </Folder>
  <Folder Name="/src/Notifications/">
    <Project Path="src/Granit.Notifications.AI/Granit.Notifications.AI.csproj" />
    <Project Path="src/Granit.Notifications.Abstractions/Granit.Notifications.Abstractions.csproj" />
    <Project Path="src/Granit.Notifications.Brevo/Granit.Notifications.Brevo.csproj" />
    <Project Path="src/Granit.Notifications.AwsSes/Granit.Notifications.AwsSes.csproj" />
    <Project Path="src/Granit.Notifications.AzureCommunicationServices/Granit.Notifications.AzureCommunicationServices.csproj" />
    <Project Path="src/Granit.Notifications.Scaleway/Granit.Notifications.Scaleway.csproj" />
    <Project Path="src/Granit.Notifications.SendGrid/Granit.Notifications.SendGrid.csproj" />
    <Project Path="src/Granit.Notifications.Smtp/Granit.Notifications.Smtp.csproj" />
    <Project Path="src/Granit.Notifications.Email/Granit.Notifications.Email.csproj" />
    <Project Path="src/Granit.Notifications.Endpoints/Granit.Notifications.Endpoints.csproj" />
    <Project Path="src/Granit.Notifications.EntityFrameworkCore/Granit.Notifications.EntityFrameworkCore.csproj" />
    <Project Path="src/Granit.Notifications.AwsSns/Granit.Notifications.AwsSns.csproj" />
    <Project Path="src/Granit.Notifications.AzureNotificationHubs/Granit.Notifications.AzureNotificationHubs.csproj" />
    <Project Path="src/Granit.Notifications.MobilePush.Endpoints/Granit.Notifications.MobilePush.Endpoints.csproj" />
    <Project Path="src/Granit.Notifications.MobilePush.EntityFrameworkCore/Granit.Notifications.MobilePush.EntityFrameworkCore.csproj" />
    <Project Path="src/Granit.Notifications.GoogleFcm/Granit.Notifications.GoogleFcm.csproj" />
    <Project Path="src/Granit.Notifications.MobilePush/Granit.Notifications.MobilePush.csproj" />
    <Project Path="src/Granit.Notifications.MobilePush.Privacy/Granit.Notifications.MobilePush.Privacy.csproj" />
    <Project Path="src/Granit.Notifications.Privacy/Granit.Notifications.Privacy.csproj" />
    <Project Path="src/Granit.Notifications.SignalR/Granit.Notifications.SignalR.csproj" />
    <Project Path="src/Granit.Notifications.Sms/Granit.Notifications.Sms.csproj" />
    <Project Path="src/Granit.Notifications.Sse/Granit.Notifications.Sse.csproj" />
    <Project Path="src/Granit.Notifications.Sse.StackExchangeRedis/Granit.Notifications.Sse.StackExchangeRedis.csproj" />
    <Project Path="src/Granit.Notifications.Twilio/Granit.Notifications.Twilio.csproj" />
    <Project Path="src/Granit.Notifications.WebPush.Endpoints/Granit.Notifications.WebPush.Endpoints.csproj" />
    <Project Path="src/Granit.Notifications.WebPush.EntityFrameworkCore/Granit.Notifications.WebPush.EntityFrameworkCore.csproj" />
    <Project Path="src/Granit.Notifications.WebPush/Granit.Notifications.WebPush.csproj" />
    <Project Path="src/Granit.Notifications.WebPush.Privacy/Granit.Notifications.WebPush.Privacy.csproj" />
    <Project Path="src/Granit.Notifications.WhatsApp/Granit.Notifications.WhatsApp.csproj" />
    <Project Path="src/Granit.Notifications.Wolverine/Granit.Notifications.Wolverine.csproj" />
    <Project Path="src/Granit.Notifications.Zulip/Granit.Notifications.Zulip.csproj" />
    <Project Path="src/Granit.Notifications/Granit.Notifications.csproj" />
  </Folder>
  <Folder Name="/src/">
    <Project Path="src/Granit.AddressDeliverability.Abstractions/Granit.AddressDeliverability.Abstractions.csproj" />
    <Project Path="src/Granit.AddressEnrichment/Granit.AddressEnrichment.csproj" />
    <Project Path="src/Granit.Geocoding.Endpoints/Granit.Geocoding.Endpoints.csproj" />
    <Project Path="src/Granit.Validation.Finance/Granit.Validation.Finance.csproj" />
  </Folder>
  <Folder Name="/src/AI/">
    <Project Path="src/Granit.AI.Anthropic/Granit.AI.Anthropic.csproj" />
    <Project Path="src/Granit.AI.AzureOpenAI/Granit.AI.AzureOpenAI.csproj" />
    <Project Path="src/Granit.AI.Chat/Granit.AI.Chat.csproj" />
    <Project Path="src/Granit.AI.Chat.BackgroundJobs/Granit.AI.Chat.BackgroundJobs.csproj" />
    <Project Path="src/Granit.AI.Chat.BlobStorage/Granit.AI.Chat.BlobStorage.csproj" />
    <Project Path="src/Granit.AI.Chat.EntityFrameworkCore/Granit.AI.Chat.EntityFrameworkCore.csproj" />
    <Project Path="src/Granit.AI.Chat.Endpoints/Granit.AI.Chat.Endpoints.csproj" />
    <Project Path="src/Granit.Mentions/Granit.Mentions.csproj" />
    <Project Path="src/Granit.AI.Chat.Privacy/Granit.AI.Chat.Privacy.csproj" />
    <Project Path="src/Granit.AI.Endpoints/Granit.AI.Endpoints.csproj" />
    <Project Path="src/Granit.AI.EntityFrameworkCore/Granit.AI.EntityFrameworkCore.csproj" />
    <Project Path="src/Granit.AI.Extraction/Granit.AI.Extraction.csproj" />
    <Project Path="src/Granit.AI.Mcp/Granit.AI.Mcp.csproj" />
    <Project Path="src/Granit.AI.Ollama/Granit.AI.Ollama.csproj" />
    <Project Path="src/Granit.AI.OpenAI/Granit.AI.OpenAI.csproj" />
    <Project Path="src/Granit.AI.Prompts/Granit.AI.Prompts.csproj" />
    <Project Path="src/Granit.AI.Prompts.Endpoints/Granit.AI.Prompts.Endpoints.csproj" />
    <Project Path="src/Granit.AI.Prompts.EntityFrameworkCore/Granit.AI.Prompts.EntityFrameworkCore.csproj" />
    <Project Path="src/Granit.AI.Prompts.Privacy/Granit.AI.Prompts.Privacy.csproj" />
    <Project Path="src/Granit.AI.StackExchangeRedis/Granit.AI.StackExchangeRedis.csproj" />
    <Project Path="src/Granit.AI.Tools/Granit.AI.Tools.csproj" />
    <Project Path="src/Granit.AI.Tools.Search/Granit.AI.Tools.Search.csproj" />
    <Project Path="src/Granit.AI.VectorData/Granit.AI.VectorData.csproj" />
    <Project Path="src/Granit.AI/Granit.AI.csproj" />
  </Folder>
  <Folder Name="/src/Tooling/">
    <Project Path="src/Granit.Analyzers.CodeFixes/Granit.Analyzers.CodeFixes.csproj" />
    <Project Path="src/Granit.Analyzers/Granit.Analyzers.csproj" />
    <Project Path="src/Granit.Testing.EntityFrameworkCore/Granit.Testing.EntityFrameworkCore.csproj" />
    <Project Path="src/Granit.Testing/Granit.Testing.csproj" />
  </Folder>
  <Folder Name="/src/Bundles/">
    <Project Path="src/bundles/Granit.Bundle.Api/Granit.Bundle.Api.csproj" />
    <Project Path="src/bundles/Granit.Bundle.Essentials/Granit.Bundle.Essentials.csproj" />
    <Project Path="src/bundles/Granit.Bundle.Notifications/Granit.Bundle.Notifications.csproj" />
    <Project Path="src/bundles/Granit.Bundle.OpenIddict/Granit.Bundle.OpenIddict.csproj" />
  </Folder>
  <Folder Name="/tests/Platform/">
    <Project Path="tests/Granit.Browsing.Playwright.Tests/Granit.Browsing.Playwright.Tests.csproj" />
    <Project Path="tests/Granit.Browsing.PuppeteerSharp.Tests/Granit.Browsing.PuppeteerSharp.Tests.csproj" />
    <Project Path="tests/Granit.Browsing.Tests/Granit.Browsing.Tests.csproj" />
    <Project Path="tests/Granit.Bundle.Tests/Granit.Bundle.Tests.csproj" />
    <Project Path="tests/Granit.DataLookup.Abstractions.Tests/Granit.DataLookup.Abstractions.Tests.csproj" />
    <Project Path="tests/Granit.DataLookup.Endpoints.Tests/Granit.DataLookup.Endpoints.Tests.csproj" />
    <Project Path="tests/Granit.DataLookup.EntityFrameworkCore.Tests/Granit.DataLookup.EntityFrameworkCore.Tests.csproj" />
    <Project Path="tests/Granit.DataLookup.Tests/Granit.DataLookup.Tests.csproj" />
    <Project Path="tests/Granit.Diagnostics.Endpoints.Tests/Granit.Diagnostics.Endpoints.Tests.csproj" />
    <Project Path="tests/Granit.Diagnostics.Tests/Granit.Diagnostics.Tests.csproj" />
    <Project Path="tests/Granit.Entities.Abstractions.Tests/Granit.Entities.Abstractions.Tests.csproj" />
    <Project Path="tests/Granit.EntityMerge.BackgroundJobs.Tests/Granit.EntityMerge.BackgroundJobs.Tests.csproj" />
    <Project Path="tests/Granit.EntityMerge.EntityFrameworkCore.Tests/Granit.EntityMerge.EntityFrameworkCore.Tests.csproj" />
    <Project Path="tests/Granit.EntityMerge.Tests/Granit.EntityMerge.Tests.csproj" />
    <Project Path="tests/Granit.Geocoding.Abstractions.Tests/Granit.Geocoding.Abstractions.Tests.csproj" />
    <Project Path="tests/Granit.Geocoding.Nominatim.Tests/Granit.Geocoding.Nominatim.Tests.csproj" />
    <Project Path="tests/Granit.Geocoding.Photon.Tests/Granit.Geocoding.Photon.Tests.csproj" />
    <Project Path="tests/Granit.Geocoding.Tests/Granit.Geocoding.Tests.csproj" />
    <Project Path="tests/Granit.Guids.Tests/Granit.Guids.Tests.csproj" />
    <Project Path="tests/Granit.Hostnames.BackgroundJobs.Tests/Granit.Hostnames.BackgroundJobs.Tests.csproj" />
    <Project Path="tests/Granit.Hostnames.Endpoints.Tests/Granit.Hostnames.Endpoints.Tests.csproj" />
    <Project Path="tests/Granit.Hostnames.EntityFrameworkCore.Tests.Integration/Granit.Hostnames.EntityFrameworkCore.Tests.Integration.csproj" />
    <Project Path="tests/Granit.Hostnames.EntityFrameworkCore.Tests/Granit.Hostnames.EntityFrameworkCore.Tests.csproj" />
    <Project Path="tests/Granit.Hostnames.Notifications.Tests/Granit.Hostnames.Notifications.Tests.csproj" />
    <Project Path="tests/Granit.Hostnames.Tests/Granit.Hostnames.Tests.csproj" />
    <Project Path="tests/Granit.Html.AngleSharp.Tests/Granit.Html.AngleSharp.Tests.csproj" />
    <Project Path="tests/Granit.Html.Tests/Granit.Html.Tests.csproj" />
    <Project Path="tests/Granit.Http.Idempotency.Abstractions.Tests/Granit.Http.Idempotency.Abstractions.Tests.csproj" />
    <Project Path="tests/Granit.Http.ApiDocumentation.Tests/Granit.Http.ApiDocumentation.Tests.csproj" />
    <Project Path="tests/Granit.Http.ApiDocumentation.Scalar.Tests/Granit.Http.ApiDocumentation.Scalar.Tests.csproj" />
    <Project Path="tests/Granit.Bulkhead.Tests/Granit.Bulkhead.Tests.csproj" />
    <Project Path="tests/Granit.Bulkhead.Wolverine.Tests/Granit.Bulkhead.Wolverine.Tests.csproj" />
    <Project Path="tests/Granit.Http.Bulkhead.Tests/Granit.Http.Bulkhead.Tests.csproj" />
    <Project Path="tests/Granit.Http.Cookies.CookieConsent.Tests/Granit.Http.Cookies.CookieConsent.Tests.csproj" />
    <Project Path="tests/Granit.Http.Hosting.Tests/Granit.Http.Hosting.Tests.csproj" />
    <Project Path="tests/Granit.Http.ExceptionHandling.Tests/Granit.Http.ExceptionHandling.Tests.csproj" />
    <Project Path="tests/Granit.Http.Features.Tests/Granit.Http.Features.Tests.csproj" />
    <Project Path="tests/Granit.Http.Idempotency.StackExchangeRedis.Tests.Integration/Granit.Http.Idempotency.StackExchangeRedis.Tests.Integration.csproj" />
    <Project Path="tests/Granit.Http.Idempotency.StackExchangeRedis.Tests/Granit.Http.Idempotency.StackExchangeRedis.Tests.csproj" />
    <Project Path="tests/Granit.Http.Idempotency.Tests/Granit.Http.Idempotency.Tests.csproj" />
    <Project Path="tests/Granit.Http.ODataExposure.Tests.Integration/Granit.Http.ODataExposure.Tests.Integration.csproj" />
    <Project Path="tests/Granit.Http.ODataExposure.Tests/Granit.Http.ODataExposure.Tests.csproj" />
    <Project Path="tests/Granit.Http.OutputCaching.StackExchangeRedis.Tests/Granit.Http.OutputCaching.StackExchangeRedis.Tests.csproj" />
    <Project Path="tests/Granit.Http.OutputCaching.Tests/Granit.Http.OutputCaching.Tests.csproj" />
    <Project Path="tests/Granit.Http.RateLimiting.Tests/Granit.Http.RateLimiting.Tests.csproj" />
    <Project Path="tests/Granit.Http.Resilience.Tests/Granit.Http.Resilience.Tests.csproj" />
    <Project Path="tests/Granit.Http.UrlSafety.Tests/Granit.Http.UrlSafety.Tests.csproj" />
    <Project Path="tests/Granit.Http.SecurityHeaders.Abstractions.Tests/Granit.Http.SecurityHeaders.Abstractions.Tests.csproj" />
    <Project Path="tests/Granit.Http.SecurityHeaders.Tests/Granit.Http.SecurityHeaders.Tests.csproj" />
    <Project Path="tests/Granit.IO.Tests/Granit.IO.Tests.csproj" />
    <Project Path="tests/Granit.Indexing.AI.Tests/Granit.Indexing.AI.Tests.csproj" />
    <Project Path="tests/Granit.Indexing.BackgroundJobs.Tests/Granit.Indexing.BackgroundJobs.Tests.csproj" />
    <Project Path="tests/Granit.Indexing.Elasticsearch.Tests.Integration/Granit.Indexing.Elasticsearch.Tests.Integration.csproj" />
    <Project Path="tests/Granit.Indexing.Elasticsearch.Tests/Granit.Indexing.Elasticsearch.Tests.csproj" />
    <Project Path="tests/Granit.Indexing.Embeddings.Tests/Granit.Indexing.Embeddings.Tests.csproj" />
    <Project Path="tests/Granit.Indexing.EntityFrameworkCore.Tests.Integration/Granit.Indexing.EntityFrameworkCore.Tests.Integration.csproj" />
    <Project Path="tests/Granit.Indexing.EntityFrameworkCore.Tests/Granit.Indexing.EntityFrameworkCore.Tests.csproj" />
    <Project Path="tests/Granit.Indexing.Privacy.Tests/Granit.Indexing.Privacy.Tests.csproj" />
    <Project Path="tests/Granit.Indexing.Tests/Granit.Indexing.Tests.csproj" />
    <Project Path="tests/Granit.IpGeolocation.Abstractions.Tests/Granit.IpGeolocation.Abstractions.Tests.csproj" />
    <Project Path="tests/Granit.IpGeolocation.IpInfo.Tests/Granit.IpGeolocation.IpInfo.Tests.csproj" />
    <Project Path="tests/Granit.IpGeolocation.MaxMind.Tests/Granit.IpGeolocation.MaxMind.Tests.csproj" />
    <Project Path="tests/Granit.IpGeolocation.Tests/Granit.IpGeolocation.Tests.csproj" />
    <Project Path="tests/Granit.LanguageDetection.AI.Tests/Granit.LanguageDetection.AI.Tests.csproj" />
    <Project Path="tests/Granit.LanguageDetection.Tests/Granit.LanguageDetection.Tests.csproj" />
    <Project Path="tests/Granit.LanguageDetection.Trigram.Tests/Granit.LanguageDetection.Trigram.Tests.csproj" />
    <Project Path="tests/Granit.Mcp.Client.Tests/Granit.Mcp.Client.Tests.csproj" />
    <Project Path="tests/Granit.Mcp.Server.Tests/Granit.Mcp.Server.Tests.csproj" />
    <Project Path="tests/Granit.Mcp.Tests/Granit.Mcp.Tests.csproj" />
    <Project Path="tests/Granit.MultiTenancy.Auditing.Tests/Granit.MultiTenancy.Auditing.Tests.csproj" />
    <Project Path="tests/Granit.MultiTenancy.Authorization.Tests/Granit.MultiTenancy.Authorization.Tests.csproj" />
    <Project Path="tests/Granit.MultiTenancy.Endpoints.Tests/Granit.MultiTenancy.Endpoints.Tests.csproj" />
    <Project Path="tests/Granit.MultiTenancy.EntityFrameworkCore.Tests/Granit.MultiTenancy.EntityFrameworkCore.Tests.csproj" />
    <Project Path="tests/Granit.MultiTenancy.Provisioning.Tests/Granit.MultiTenancy.Provisioning.Tests.csproj" />
    <Project Path="tests/Granit.MultiTenancy.Tests/Granit.MultiTenancy.Tests.csproj" />
    <Project Path="tests/Granit.Observability.AI.Tests/Granit.Observability.AI.Tests.csproj" />
    <Project Path="tests/Granit.Observability.Tests/Granit.Observability.Tests.csproj" />
    <Project Path="tests/Granit.Oidc.Tests/Granit.Oidc.Tests.csproj" />
    <Project Path="tests/Granit.Oidc.TokenManagement.Tests/Granit.Oidc.TokenManagement.Tests.csproj" />
    <Project Path="tests/Granit.OpenApi.Generation.Tests/Granit.OpenApi.Generation.Tests.csproj" />
    <Project Path="tests/Granit.Presence.Endpoints.Tests/Granit.Presence.Endpoints.Tests.csproj" />
    <Project Path="tests/Granit.Presence.EntityFrameworkCore.Tests/Granit.Presence.EntityFrameworkCore.Tests.csproj" />
    <Project Path="tests/Granit.Presence.Notifications.Tests/Granit.Presence.Notifications.Tests.csproj" />
    <Project Path="tests/Granit.Presence.Tests/Granit.Presence.Tests.csproj" />
    <Project Path="tests/Granit.Presence.Wolverine.Tests/Granit.Presence.Wolverine.Tests.csproj" />
    <Project Path="tests/Granit.RateLimiting.Tests/Granit.RateLimiting.Tests.csproj" />
    <Project Path="tests/Granit.RateLimiting.Wolverine.Tests/Granit.RateLimiting.Wolverine.Tests.csproj" />
    <Project Path="tests/Granit.Scheduling.BackgroundJobs.Tests/Granit.Scheduling.BackgroundJobs.Tests.csproj" />
    <Project Path="tests/Granit.Scheduling.Endpoints.Tests/Granit.Scheduling.Endpoints.Tests.csproj" />
    <Project Path="tests/Granit.Scheduling.EntityFrameworkCore.Tests/Granit.Scheduling.EntityFrameworkCore.Tests.csproj" />
    <Project Path="tests/Granit.Scheduling.Notifications.Tests/Granit.Scheduling.Notifications.Tests.csproj" />
    <Project Path="tests/Granit.Scheduling.Tests/Granit.Scheduling.Tests.csproj" />
    <Project Path="tests/Granit.Scheduling.Wolverine.Tests/Granit.Scheduling.Wolverine.Tests.csproj" />
    <Project Path="tests/Granit.Tests/Granit.Tests.csproj" />
    <Project Path="tests/Granit.TextExtraction.Email.Tests/Granit.TextExtraction.Email.Tests.csproj" />
    <Project Path="tests/Granit.TextExtraction.Ocr.AI.Tests/Granit.TextExtraction.Ocr.AI.Tests.csproj" />
    <Project Path="tests/Granit.TextExtraction.Ocr.Tesseract.Tests.Integration/Granit.TextExtraction.Ocr.Tesseract.Tests.Integration.csproj" />
    <Project Path="tests/Granit.TextExtraction.Ocr.Tesseract.Tests/Granit.TextExtraction.Ocr.Tesseract.Tests.csproj" />
    <Project Path="tests/Granit.TextExtraction.Office.Tests/Granit.TextExtraction.Office.Tests.csproj" />
    <Project Path="tests/Granit.TextExtraction.Pdf.Ocr.Tests/Granit.TextExtraction.Pdf.Ocr.Tests.csproj" />
    <Project Path="tests/Granit.TextExtraction.Pdf.Tests/Granit.TextExtraction.Pdf.Tests.csproj" />
    <Project Path="tests/Granit.TextExtraction.Tests/Granit.TextExtraction.Tests.csproj" />
    <Project Path="tests/Granit.TextExtraction.Text.Tests/Granit.TextExtraction.Text.Tests.csproj" />
    <Project Path="tests/Granit.TextExtraction.Tika.Tests/Granit.TextExtraction.Tika.Tests.csproj" />
    <Project Path="tests/Granit.Timing.Tests/Granit.Timing.Tests.csproj" />
    <Project Path="tests/Granit.Identity.Abstractions.Tests/Granit.Identity.Abstractions.Tests.csproj" />
    <Project Path="tests/Granit.Identity.AnomalyDetection.Tests/Granit.Identity.AnomalyDetection.Tests.csproj" />
    <Project Path="tests/Granit.Users.Tests/Granit.Users.Tests.csproj" />
    <Project Path="tests/Granit.Validation.AI.Tests/Granit.Validation.AI.Tests.csproj" />
    <Project Path="tests/Granit.Validation.Endpoints.Tests/Granit.Validation.Endpoints.Tests.csproj" />
    <Project Path="tests/Granit.Validation.Europe.Tests/Granit.Validation.Europe.Tests.csproj" />
    <Project Path="tests/Granit.Validation.NorthAmerica.Tests/Granit.Validation.NorthAmerica.Tests.csproj" />
    <Project Path="tests/Granit.Validation.Tests/Granit.Validation.Tests.csproj" />
    <Project Path="tests/Granit.Validation.UnitedKingdom.Tests/Granit.Validation.UnitedKingdom.Tests.csproj" />
    <Project Path="tests/Granit.Workspaces.Abstractions.Tests/Granit.Workspaces.Abstractions.Tests.csproj" />
  </Folder>
  <Folder Name="/tests/Security/">
    <Project Path="tests/Granit.Authentication.ApiKeys.BackgroundJobs.Tests/Granit.Authentication.ApiKeys.BackgroundJobs.Tests.csproj" />
    <Project Path="tests/Granit.Authentication.ApiKeys.Endpoints.Tests/Granit.Authentication.ApiKeys.Endpoints.Tests.csproj" />
    <Project Path="tests/Granit.Authentication.ApiKeys.EntityFrameworkCore.Tests/Granit.Authentication.ApiKeys.EntityFrameworkCore.Tests.csproj" />
    <Project Path="tests/Granit.Authentication.ApiKeys.Notifications.Tests/Granit.Authentication.ApiKeys.Notifications.Tests.csproj" />
    <Project Path="tests/Granit.Authentication.ApiKeys.Tests/Granit.Authentication.ApiKeys.Tests.csproj" />
    <Project Path="tests/Granit.Authentication.DPoP.Tests/Granit.Authentication.DPoP.Tests.csproj" />
    <Project Path="tests/Granit.Authentication.External.Apple.Tests/Granit.Authentication.External.Apple.Tests.csproj" />
    <Project Path="tests/Granit.Authentication.External.Facebook.Tests/Granit.Authentication.External.Facebook.Tests.csproj" />
    <Project Path="tests/Granit.Authentication.External.GitHub.Tests/Granit.Authentication.External.GitHub.Tests.csproj" />
    <Project Path="tests/Granit.Authentication.External.Google.Tests/Granit.Authentication.External.Google.Tests.csproj" />
    <Project Path="tests/Granit.Authentication.External.Microsoft.Tests/Granit.Authentication.External.Microsoft.Tests.csproj" />
    <Project Path="tests/Granit.Authentication.External.Oidc.Tests/Granit.Authentication.External.Oidc.Tests.csproj" />
    <Project Path="tests/Granit.Authentication.External.Tests/Granit.Authentication.External.Tests.csproj" />
    <Project Path="tests/Granit.Authentication.JwtBearer.Cognito.Tests/Granit.Authentication.JwtBearer.Cognito.Tests.csproj" />
    <Project Path="tests/Granit.Authentication.JwtBearer.EntraId.Tests/Granit.Authentication.JwtBearer.EntraId.Tests.csproj" />
    <Project Path="tests/Granit.Authentication.JwtBearer.GoogleCloud.Tests/Granit.Authentication.JwtBearer.GoogleCloud.Tests.csproj" />
    <Project Path="tests/Granit.Authentication.JwtBearer.Keycloak.Tests/Granit.Authentication.JwtBearer.Keycloak.Tests.csproj" />
    <Project Path="tests/Granit.Authentication.JwtBearer.Tests/Granit.Authentication.JwtBearer.Tests.csproj" />
    <Project Path="tests/Granit.Authentication.OpenIddict.Tests/Granit.Authentication.OpenIddict.Tests.csproj" />
    <Project Path="tests/Granit.Authentication.Tests/Granit.Authentication.Tests.csproj" />
    <Project Path="tests/Granit.Authorization.AI.Tests/Granit.Authorization.AI.Tests.csproj" />
    <Project Path="tests/Granit.Authorization.Endpoints.Tests/Granit.Authorization.Endpoints.Tests.csproj" />
    <Project Path="tests/Granit.Authorization.EntityFrameworkCore.Tests.Integration/Granit.Authorization.EntityFrameworkCore.Tests.Integration.csproj" />
    <Project Path="tests/Granit.Authorization.EntityFrameworkCore.Tests/Granit.Authorization.EntityFrameworkCore.Tests.csproj" />
    <Project Path="tests/Granit.Authorization.Tests/Granit.Authorization.Tests.csproj" />
    <Project Path="tests/Granit.Bff.BackgroundJobs.Tests/Granit.Bff.BackgroundJobs.Tests.csproj" />
    <Project Path="tests/Granit.Bff.Endpoints.Tests/Granit.Bff.Endpoints.Tests.csproj" />
    <Project Path="tests/Granit.Bff.EntityFrameworkCore.Tests/Granit.Bff.EntityFrameworkCore.Tests.csproj" />
    <Project Path="tests/Granit.Bff.Tests/Granit.Bff.Tests.csproj" />
    <Project Path="tests/Granit.Bff.UserSessions.Tests/Granit.Bff.UserSessions.Tests.csproj" />
    <Project Path="tests/Granit.Bff.Yarp.Tests/Granit.Bff.Yarp.Tests.csproj" />
    <Project Path="tests/Granit.Encryption.EntityFrameworkCore.Tests/Granit.Encryption.EntityFrameworkCore.Tests.csproj" />
    <Project Path="tests/Granit.Encryption.Tests/Granit.Encryption.Tests.csproj" />
    <Project Path="tests/Granit.Identity.Endpoints.Tests/Granit.Identity.Endpoints.Tests.csproj" />
    <Project Path="tests/Granit.Identity.EntityFrameworkCore.Tests/Granit.Identity.EntityFrameworkCore.Tests.csproj" />
    <Project Path="tests/Granit.Identity.Federated.Cognito.Tests.Integration/Granit.Identity.Federated.Cognito.Tests.Integration.csproj" />
    <Project Path="tests/Granit.Identity.Federated.Cognito.Tests/Granit.Identity.Federated.Cognito.Tests.csproj" />
    <Project Path="tests/Granit.Identity.Federated.BackgroundJobs.Tests/Granit.Identity.Federated.BackgroundJobs.Tests.csproj" />
    <Project Path="tests/Granit.Identity.Federated.Endpoints.Tests/Granit.Identity.Federated.Endpoints.Tests.csproj" />
    <Project Path="tests/Granit.Identity.Federated.EntityFrameworkCore.Tests/Granit.Identity.Federated.EntityFrameworkCore.Tests.csproj" />
    <Project Path="tests/Granit.Identity.Federated.EntraId.Tests.Integration/Granit.Identity.Federated.EntraId.Tests.Integration.csproj" />
    <Project Path="tests/Granit.Identity.Federated.EntraId.Tests/Granit.Identity.Federated.EntraId.Tests.csproj" />
    <Project Path="tests/Granit.Identity.Federated.GoogleCloud.Tests/Granit.Identity.Federated.GoogleCloud.Tests.csproj" />
    <Project Path="tests/Granit.Identity.Federated.Keycloak.Tests.Integration/Granit.Identity.Federated.Keycloak.Tests.Integration.csproj" />
    <Project Path="tests/Granit.Identity.Federated.Keycloak.Tests/Granit.Identity.Federated.Keycloak.Tests.csproj" />
    <Project Path="tests/Granit.Identity.Federated.Notifications.Tests/Granit.Identity.Federated.Notifications.Tests.csproj" />
    <Project Path="tests/Granit.Identity.Federated.Privacy.Tests/Granit.Identity.Federated.Privacy.Tests.csproj" />
    <Project Path="tests/Granit.Identity.Federated.Tests/Granit.Identity.Federated.Tests.csproj" />
    <Project Path="tests/Granit.Identity.Local.AspNetIdentity.Tests.Integration/Granit.Identity.Local.AspNetIdentity.Tests.Integration.csproj" />
    <Project Path="tests/Granit.Identity.Local.AspNetIdentity.Tests/Granit.Identity.Local.AspNetIdentity.Tests.csproj" />
    <Project Path="tests/Granit.Identity.Local.Endpoints.Tests/Granit.Identity.Local.Endpoints.Tests.csproj" />
    <Project Path="tests/Granit.Identity.Local.Notifications.Tests/Granit.Identity.Local.Notifications.Tests.csproj" />
    <Project Path="tests/Granit.Identity.Local.Privacy.Tests/Granit.Identity.Local.Privacy.Tests.csproj" />
    <Project Path="tests/Granit.Identity.Local.Tests/Granit.Identity.Local.Tests.csproj" />
    <Project Path="tests/Granit.Identity.Notifications.Tests/Granit.Identity.Notifications.Tests.csproj" />
    <Project Path="tests/Granit.Identity.Tests/Granit.Identity.Tests.csproj" />
    <Project Path="tests/Granit.OpenIddict.Abstractions.Tests/Granit.OpenIddict.Abstractions.Tests.csproj" />
    <Project Path="tests/Granit.OpenIddict.BackgroundJobs.Tests/Granit.OpenIddict.BackgroundJobs.Tests.csproj" />
    <Project Path="tests/Granit.OpenIddict.Endpoints.Tests/Granit.OpenIddict.Endpoints.Tests.csproj" />
    <Project Path="tests/Granit.OpenIddict.EntityFrameworkCore.Tests/Granit.OpenIddict.EntityFrameworkCore.Tests.csproj" />
    <Project Path="tests/Granit.OpenIddict.Server.DPoP.Tests/Granit.OpenIddict.Server.DPoP.Tests.csproj" />
    <Project Path="tests/Granit.OpenIddict.Server.Tests/Granit.OpenIddict.Server.Tests.csproj" />
    <Project Path="tests/Granit.OpenIddict.Tests.Integration/Granit.OpenIddict.Tests.Integration.csproj" />
    <Project Path="tests/Granit.OpenIddict.Tests/Granit.OpenIddict.Tests.csproj" />
    <Project Path="tests/Granit.Vault.Aws.Tests/Granit.Vault.Aws.Tests.csproj" />
    <Project Path="tests/Granit.Vault.Azure.Tests/Granit.Vault.Azure.Tests.csproj" />
    <Project Path="tests/Granit.Vault.GoogleCloud.Tests/Granit.Vault.GoogleCloud.Tests.csproj" />
    <Project Path="tests/Granit.Vault.HashiCorp.Tests/Granit.Vault.HashiCorp.Tests.csproj" />
    <Project Path="tests/Granit.Vault.Tests/Granit.Vault.Tests.csproj" />
  </Folder>
  <Folder Name="/tests/Application/">
    <Project Path="tests/Granit.DataExchange.AI.Tests/Granit.DataExchange.AI.Tests.csproj" />
    <Project Path="tests/Granit.DataExchange.Abstractions.Tests/Granit.DataExchange.Abstractions.Tests.csproj" />
    <Project Path="tests/Granit.DataExchange.BackgroundJobs.Tests/Granit.DataExchange.BackgroundJobs.Tests.csproj" />
    <Project Path="tests/Granit.DataExchange.BlobStorage.Tests/Granit.DataExchange.BlobStorage.Tests.csproj" />
    <Project Path="tests/Granit.DataExchange.Csv.Tests/Granit.DataExchange.Csv.Tests.csproj" />
    <Project Path="tests/Granit.DataExchange.Endpoints.Tests/Granit.DataExchange.Endpoints.Tests.csproj" />
    <Project Path="tests/Granit.DataExchange.EntityFrameworkCore.Tests/Granit.DataExchange.EntityFrameworkCore.Tests.csproj" />
    <Project Path="tests/Granit.DataExchange.Excel.Tests/Granit.DataExchange.Excel.Tests.csproj" />
    <Project Path="tests/Granit.DataExchange.Json.Tests/Granit.DataExchange.Json.Tests.csproj" />
    <Project Path="tests/Granit.DataExchange.Tests/Granit.DataExchange.Tests.csproj" />
    <Project Path="tests/Granit.DataExchange.Xml.Tests/Granit.DataExchange.Xml.Tests.csproj" />
    <Project Path="tests/Granit.DocumentGeneration.Excel.Tests/Granit.DocumentGeneration.Excel.Tests.csproj" />
    <Project Path="tests/Granit.DocumentGeneration.Pdf.Tests/Granit.DocumentGeneration.Pdf.Tests.csproj" />
    <Project Path="tests/Granit.DocumentGeneration.Tests/Granit.DocumentGeneration.Tests.csproj" />
    <Project Path="tests/Granit.Features.Endpoints.Tests/Granit.Features.Endpoints.Tests.csproj" />
    <Project Path="tests/Granit.Features.EntityFrameworkCore.Tests/Granit.Features.EntityFrameworkCore.Tests.csproj" />
    <Project Path="tests/Granit.Features.Tests/Granit.Features.Tests.csproj" />
    <Project Path="tests/Granit.Features.Wolverine.Tests/Granit.Features.Wolverine.Tests.csproj" />
    <Project Path="tests/Granit.Localization.AI.Tests/Granit.Localization.AI.Tests.csproj" />
    <Project Path="tests/Granit.Localization.Endpoints.Tests/Granit.Localization.Endpoints.Tests.csproj" />
    <Project Path="tests/Granit.Localization.EntityFrameworkCore.Tests/Granit.Localization.EntityFrameworkCore.Tests.csproj" />
    <Project Path="tests/Granit.Localization.SourceGenerator.Tests/Granit.Localization.SourceGenerator.Tests.csproj" />
    <Project Path="tests/Granit.Localization.Tests/Granit.Localization.Tests.csproj" />
    <Project Path="tests/Granit.QueryEngine.AI.Tests/Granit.QueryEngine.AI.Tests.csproj" />
    <Project Path="tests/Granit.QueryEngine.AI.Tools.Tests/Granit.QueryEngine.AI.Tools.Tests.csproj" />
    <Project Path="tests/Granit.QueryEngine.Abstractions.Tests/Granit.QueryEngine.Abstractions.Tests.csproj" />
    <Project Path="tests/Granit.QueryEngine.Endpoints.Tests.Integration/Granit.QueryEngine.Endpoints.Tests.Integration.csproj" />
    <Project Path="tests/Granit.QueryEngine.Endpoints.Tests/Granit.QueryEngine.Endpoints.Tests.csproj" />
    <Project Path="tests/Granit.QueryEngine.EntityFrameworkCore.Tests/Granit.QueryEngine.EntityFrameworkCore.Tests.csproj" />
    <Project Path="tests/Granit.Settings.Endpoints.Tests/Granit.Settings.Endpoints.Tests.csproj" />
    <Project Path="tests/Granit.Settings.EntityFrameworkCore.Tests/Granit.Settings.EntityFrameworkCore.Tests.csproj" />
    <Project Path="tests/Granit.Settings.Tests/Granit.Settings.Tests.csproj" />
    <Project Path="tests/Granit.Templating.AI.Tests/Granit.Templating.AI.Tests.csproj" />
    <Project Path="tests/Granit.Templating.Endpoints.Tests/Granit.Templating.Endpoints.Tests.csproj" />
    <Project Path="tests/Granit.Templating.EntityFrameworkCore.Tests/Granit.Templating.EntityFrameworkCore.Tests.csproj" />
    <Project Path="tests/Granit.Templating.Mjml.Tests/Granit.Templating.Mjml.Tests.csproj" />
    <Project Path="tests/Granit.Templating.Scriban.Tests/Granit.Templating.Scriban.Tests.csproj" />
    <Project Path="tests/Granit.Templating.Tests/Granit.Templating.Tests.csproj" />
    <Project Path="tests/Granit.Templating.Workflow.Tests/Granit.Templating.Workflow.Tests.csproj" />
    <Project Path="tests/Granit.Timeline.AI.Tests/Granit.Timeline.AI.Tests.csproj" />
    <Project Path="tests/Granit.Timeline.Auditing.Tests/Granit.Timeline.Auditing.Tests.csproj" />
    <Project Path="tests/Granit.Timeline.Endpoints.Tests/Granit.Timeline.Endpoints.Tests.csproj" />
    <Project Path="tests/Granit.Timeline.EntityFrameworkCore.Tests/Granit.Timeline.EntityFrameworkCore.Tests.csproj" />
    <Project Path="tests/Granit.Timeline.Notifications.Tests/Granit.Timeline.Notifications.Tests.csproj" />
    <Project Path="tests/Granit.Timeline.Tests/Granit.Timeline.Tests.csproj" />
    <Project Path="tests/Granit.Workflow.AI.Tests/Granit.Workflow.AI.Tests.csproj" />
    <Project Path="tests/Granit.Workflow.Abstractions.Tests/Granit.Workflow.Abstractions.Tests.csproj" />
    <Project Path="tests/Granit.Workflow.Endpoints.Tests/Granit.Workflow.Endpoints.Tests.csproj" />
    <Project Path="tests/Granit.Workflow.EntityFrameworkCore.Tests/Granit.Workflow.EntityFrameworkCore.Tests.csproj" />
    <Project Path="tests/Granit.Workflow.Notifications.Tests/Granit.Workflow.Notifications.Tests.csproj" />
    <Project Path="tests/Granit.Workflow.Scheduling.Tests/Granit.Workflow.Scheduling.Tests.csproj" />
    <Project Path="tests/Granit.Workflow.Tests/Granit.Workflow.Tests.csproj" />
  </Folder>
  <Folder Name="/tests/Infrastructure/">
    <Project Path="tests/Granit.BackgroundJobs.Endpoints.Tests/Granit.BackgroundJobs.Endpoints.Tests.csproj" />
    <Project Path="tests/Granit.BackgroundJobs.EntityFrameworkCore.Tests/Granit.BackgroundJobs.EntityFrameworkCore.Tests.csproj" />
    <Project Path="tests/Granit.BackgroundJobs.Notifications.Tests/Granit.BackgroundJobs.Notifications.Tests.csproj" />
    <Project Path="tests/Granit.BackgroundJobs.Tests.Integration/Granit.BackgroundJobs.Tests.Integration.csproj" />
    <Project Path="tests/Granit.BackgroundJobs.Tests/Granit.BackgroundJobs.Tests.csproj" />
    <Project Path="tests/Granit.BackgroundJobs.Wolverine.Tests/Granit.BackgroundJobs.Wolverine.Tests.csproj" />
    <Project Path="tests/Granit.BlobStorage.AI.Tests/Granit.BlobStorage.AI.Tests.csproj" />
    <Project Path="tests/Granit.BlobStorage.AzureBlob.Tests/Granit.BlobStorage.AzureBlob.Tests.csproj" />
    <Project Path="tests/Granit.BlobStorage.BackgroundJobs.Tests/Granit.BlobStorage.BackgroundJobs.Tests.csproj" />
    <Project Path="tests/Granit.BlobStorage.Database.Tests/Granit.BlobStorage.Database.Tests.csproj" />
    <Project Path="tests/Granit.BlobStorage.Endpoints.Tests/Granit.BlobStorage.Endpoints.Tests.csproj" />
    <Project Path="tests/Granit.BlobStorage.EntityFrameworkCore.Tests/Granit.BlobStorage.EntityFrameworkCore.Tests.csproj" />
    <Project Path="tests/Granit.BlobStorage.FileSystem.Tests/Granit.BlobStorage.FileSystem.Tests.csproj" />
    <Project Path="tests/Granit.BlobStorage.GoogleCloud.Tests/Granit.BlobStorage.GoogleCloud.Tests.csproj" />
    <Project Path="tests/Granit.BlobStorage.Proxy.Tests/Granit.BlobStorage.Proxy.Tests.csproj" />
    <Project Path="tests/Granit.BlobStorage.S3.Tests/Granit.BlobStorage.S3.Tests.csproj" />
    <Project Path="tests/Granit.BlobStorage.Tests/Granit.BlobStorage.Tests.csproj" />
    <Project Path="tests/Granit.Caching.StackExchangeRedis.Tests/Granit.Caching.StackExchangeRedis.Tests.csproj" />
    <Project Path="tests/Granit.Caching.Tests.Integration/Granit.Caching.Tests.Integration.csproj" />
    <Project Path="tests/Granit.Caching.Tests/Granit.Caching.Tests.csproj" />
    <Project Path="tests/Granit.Caching.Vault.Tests/Granit.Caching.Vault.Tests.csproj" />
    <Project Path="tests/Granit.Events.Tests/Granit.Events.Tests.csproj" />
    <Project Path="tests/Granit.Events.Wolverine.Tests/Granit.Events.Wolverine.Tests.csproj" />
    <Project Path="tests/Granit.Imaging.AI.Tests/Granit.Imaging.AI.Tests.csproj" />
    <Project Path="tests/Granit.Imaging.MagickNet.Tests/Granit.Imaging.MagickNet.Tests.csproj" />
    <Project Path="tests/Granit.Imaging.Tests/Granit.Imaging.Tests.csproj" />
    <Project Path="tests/Granit.Persistence.EntityFrameworkCore.Hosting.Tests/Granit.Persistence.EntityFrameworkCore.Hosting.Tests.csproj" />
    <Project Path="tests/Granit.Persistence.EntityFrameworkCore.Migrations.Tests/Granit.Persistence.EntityFrameworkCore.Migrations.Tests.csproj" />
    <Project Path="tests/Granit.Persistence.EntityFrameworkCore.Postgres.Tests/Granit.Persistence.EntityFrameworkCore.Postgres.Tests.csproj" />
    <Project Path="tests/Granit.Persistence.EntityFrameworkCore.SqlServer.Tests/Granit.Persistence.EntityFrameworkCore.SqlServer.Tests.csproj" />
    <Project Path="tests/Granit.Persistence.EntityFrameworkCore.Tests/Granit.Persistence.EntityFrameworkCore.Tests.csproj" />
    <Project Path="tests/Granit.Persistence.Tests/Granit.Persistence.Tests.csproj" />
    <Project Path="tests/Granit.Webhooks.BackgroundJobs.Tests/Granit.Webhooks.BackgroundJobs.Tests.csproj" />
    <Project Path="tests/Granit.Webhooks.Endpoints.Tests/Granit.Webhooks.Endpoints.Tests.csproj" />
    <Project Path="tests/Granit.Webhooks.EntityFrameworkCore.Tests/Granit.Webhooks.EntityFrameworkCore.Tests.csproj" />
    <Project Path="tests/Granit.Webhooks.Notifications.Tests/Granit.Webhooks.Notifications.Tests.csproj" />
    <Project Path="tests/Granit.Webhooks.Tests/Granit.Webhooks.Tests.csproj" />
    <Project Path="tests/Granit.Webhooks.Wolverine.Tests/Granit.Webhooks.Wolverine.Tests.csproj" />
    <Project Path="tests/Granit.Wolverine.Encryption.Tests/Granit.Wolverine.Encryption.Tests.csproj" />
    <Project Path="tests/Granit.Wolverine.Postgresql.Tests.Integration/Granit.Wolverine.Postgresql.Tests.Integration.csproj" />
    <Project Path="tests/Granit.Wolverine.Postgresql.Tests/Granit.Wolverine.Postgresql.Tests.csproj" />
    <Project Path="tests/Granit.Wolverine.SqlServer.Tests.Integration/Granit.Wolverine.SqlServer.Tests.Integration.csproj" />
    <Project Path="tests/Granit.Wolverine.SqlServer.Tests/Granit.Wolverine.SqlServer.Tests.csproj" />
    <Project Path="tests/Granit.Wolverine.Tests/Granit.Wolverine.Tests.csproj" />
  </Folder>
  <Folder Name="/tests/Compliance/">
    <Project Path="tests/Granit.Auditing.Abstractions.Tests/Granit.Auditing.Abstractions.Tests.csproj" />
    <Project Path="tests/Granit.Auditing.BackgroundJobs.Tests/Granit.Auditing.BackgroundJobs.Tests.csproj" />
    <Project Path="tests/Granit.Auditing.ConfigurationChanges.Tests/Granit.Auditing.ConfigurationChanges.Tests.csproj" />
    <Project Path="tests/Granit.Auditing.Endpoints.Tests/Granit.Auditing.Endpoints.Tests.csproj" />
    <Project Path="tests/Granit.Auditing.EntityFrameworkCore.Tests/Granit.Auditing.EntityFrameworkCore.Tests.csproj" />
    <Project Path="tests/Granit.Auditing.Notifications.Tests/Granit.Auditing.Notifications.Tests.csproj" />
    <Project Path="tests/Granit.Auditing.Privacy.Tests/Granit.Auditing.Privacy.Tests.csproj" />
    <Project Path="tests/Granit.Auditing.Tests/Granit.Auditing.Tests.csproj" />
    <Project Path="tests/Granit.Http.Cookies.Endpoints.Tests/Granit.Http.Cookies.Endpoints.Tests.csproj" />
    <Project Path="tests/Granit.Http.Cookies.EntityFrameworkCore.Tests/Granit.Http.Cookies.EntityFrameworkCore.Tests.csproj" />
    <Project Path="tests/Granit.Http.Cookies.Tests/Granit.Http.Cookies.Tests.csproj" />
    <Project Path="tests/Granit.Privacy.AI.Tests/Granit.Privacy.AI.Tests.csproj" />
    <Project Path="tests/Granit.Privacy.Auditing.Tests/Granit.Privacy.Auditing.Tests.csproj" />
    <Project Path="tests/Granit.Privacy.BackgroundJobs.Tests/Granit.Privacy.BackgroundJobs.Tests.csproj" />
    <Project Path="tests/Granit.Privacy.BackgroundJobs.Wolverine.Tests/Granit.Privacy.BackgroundJobs.Wolverine.Tests.csproj" />
    <Project Path="tests/Granit.Privacy.BlobStorage.Endpoints.Tests/Granit.Privacy.BlobStorage.Endpoints.Tests.csproj" />
    <Project Path="tests/Granit.Privacy.BlobStorage.Tests/Granit.Privacy.BlobStorage.Tests.csproj" />
    <Project Path="tests/Granit.Privacy.Endpoints.Tests/Granit.Privacy.Endpoints.Tests.csproj" />
    <Project Path="tests/Granit.Privacy.EntityFrameworkCore.Tests/Granit.Privacy.EntityFrameworkCore.Tests.csproj" />
    <Project Path="tests/Granit.Privacy.Notifications.Tests/Granit.Privacy.Notifications.Tests.csproj" />
    <Project Path="tests/Granit.Privacy.Regulations.Cookies.Tests/Granit.Privacy.Regulations.Cookies.Tests.csproj" />
    <Project Path="tests/Granit.Privacy.Regulations.Tests/Granit.Privacy.Regulations.Tests.csproj" />
    <Project Path="tests/Granit.Privacy.Tests/Granit.Privacy.Tests.csproj" />
    <Project Path="tests/Granit.Privacy.Vault.Tests/Granit.Privacy.Vault.Tests.csproj" />
    <Project Path="tests/Granit.Privacy.Wolverine.Tests/Granit.Privacy.Wolverine.Tests.csproj" />
  </Folder>
  <Folder Name="/tests/Notifications/">
    <Project Path="tests/Granit.Notifications.AI.Tests/Granit.Notifications.AI.Tests.csproj" />
    <Project Path="tests/Granit.Notifications.Abstractions.Tests/Granit.Notifications.Abstractions.Tests.csproj" />
    <Project Path="tests/Granit.Notifications.Brevo.Tests/Granit.Notifications.Brevo.Tests.csproj" />
    <Project Path="tests/Granit.Notifications.AwsSes.Tests/Granit.Notifications.AwsSes.Tests.csproj" />
    <Project Path="tests/Granit.Notifications.AzureCommunicationServices.Tests/Granit.Notifications.AzureCommunicationServices.Tests.csproj" />
    <Project Path="tests/Granit.Notifications.Scaleway.Tests/Granit.Notifications.Scaleway.Tests.csproj" />
    <Project Path="tests/Granit.Notifications.SendGrid.Tests/Granit.Notifications.SendGrid.Tests.csproj" />
    <Project Path="tests/Granit.Notifications.Smtp.Tests/Granit.Notifications.Smtp.Tests.csproj" />
    <Project Path="tests/Granit.Notifications.Email.Tests/Granit.Notifications.Email.Tests.csproj" />
    <Project Path="tests/Granit.Notifications.Endpoints.Tests/Granit.Notifications.Endpoints.Tests.csproj" />
    <Project Path="tests/Granit.Notifications.EntityFrameworkCore.Tests/Granit.Notifications.EntityFrameworkCore.Tests.csproj" />
    <Project Path="tests/Granit.Notifications.AwsSns.Tests/Granit.Notifications.AwsSns.Tests.csproj" />
    <Project Path="tests/Granit.Notifications.AzureNotificationHubs.Tests/Granit.Notifications.AzureNotificationHubs.Tests.csproj" />
    <Project Path="tests/Granit.Notifications.MobilePush.Endpoints.Tests/Granit.Notifications.MobilePush.Endpoints.Tests.csproj" />
    <Project Path="tests/Granit.Notifications.MobilePush.EntityFrameworkCore.Tests/Granit.Notifications.MobilePush.EntityFrameworkCore.Tests.csproj" />
    <Project Path="tests/Granit.Notifications.GoogleFcm.Tests/Granit.Notifications.GoogleFcm.Tests.csproj" />
    <Project Path="tests/Granit.Notifications.MobilePush.Tests/Granit.Notifications.MobilePush.Tests.csproj" />
    <Project Path="tests/Granit.Notifications.MobilePush.Privacy.Tests/Granit.Notifications.MobilePush.Privacy.Tests.csproj" />
    <Project Path="tests/Granit.Notifications.Privacy.Tests/Granit.Notifications.Privacy.Tests.csproj" />
    <Project Path="tests/Granit.Notifications.SignalR.Tests/Granit.Notifications.SignalR.Tests.csproj" />
    <Project Path="tests/Granit.Notifications.Sms.Tests/Granit.Notifications.Sms.Tests.csproj" />
    <Project Path="tests/Granit.Notifications.Sse.Tests/Granit.Notifications.Sse.Tests.csproj" />
    <Project Path="tests/Granit.Notifications.Sse.StackExchangeRedis.Tests/Granit.Notifications.Sse.StackExchangeRedis.Tests.csproj" />
    <Project Path="tests/Granit.Notifications.Tests/Granit.Notifications.Tests.csproj" />
    <Project Path="tests/Granit.Notifications.Twilio.Tests/Granit.Notifications.Twilio.Tests.csproj" />
    <Project Path="tests/Granit.Notifications.WebPush.Endpoints.Tests/Granit.Notifications.WebPush.Endpoints.Tests.csproj" />
    <Project Path="tests/Granit.Notifications.WebPush.EntityFrameworkCore.Tests/Granit.Notifications.WebPush.EntityFrameworkCore.Tests.csproj" />
    <Project Path="tests/Granit.Notifications.WebPush.Tests/Granit.Notifications.WebPush.Tests.csproj" />
    <Project Path="tests/Granit.Notifications.WebPush.Privacy.Tests/Granit.Notifications.WebPush.Privacy.Tests.csproj" />
    <Project Path="tests/Granit.Notifications.WhatsApp.Tests/Granit.Notifications.WhatsApp.Tests.csproj" />
    <Project Path="tests/Granit.Notifications.Wolverine.Tests/Granit.Notifications.Wolverine.Tests.csproj" />
    <Project Path="tests/Granit.Notifications.Zulip.Tests/Granit.Notifications.Zulip.Tests.csproj" />
  </Folder>
  <Folder Name="/tests/">
    <Project Path="tests/Granit.AddressDeliverability.Abstractions.Tests/Granit.AddressDeliverability.Abstractions.Tests.csproj" />
    <Project Path="tests/Granit.AddressEnrichment.Tests/Granit.AddressEnrichment.Tests.csproj" />
    <Project Path="tests/Granit.Geocoding.Endpoints.Tests/Granit.Geocoding.Endpoints.Tests.csproj" />
    <Project Path="tests/Granit.Validation.Finance.Tests/Granit.Validation.Finance.Tests.csproj" />
  </Folder>
  <Folder Name="/tests/AI/">
    <Project Path="tests/Granit.AI.Anthropic.Tests/Granit.AI.Anthropic.Tests.csproj" />
    <Project Path="tests/Granit.AI.AzureOpenAI.Tests/Granit.AI.AzureOpenAI.Tests.csproj" />
    <Project Path="tests/Granit.AI.Chat.Tests/Granit.AI.Chat.Tests.csproj" />
    <Project Path="tests/Granit.AI.Chat.BackgroundJobs.Tests/Granit.AI.Chat.BackgroundJobs.Tests.csproj" />
    <Project Path="tests/Granit.AI.Chat.BlobStorage.Tests/Granit.AI.Chat.BlobStorage.Tests.csproj" />
    <Project Path="tests/Granit.AI.Chat.EntityFrameworkCore.Tests/Granit.AI.Chat.EntityFrameworkCore.Tests.csproj" />
    <Project Path="tests/Granit.AI.Chat.Endpoints.Tests/Granit.AI.Chat.Endpoints.Tests.csproj" />
    <Project Path="tests/Granit.Mentions.Tests/Granit.Mentions.Tests.csproj" />
    <Project Path="tests/Granit.AI.Chat.Privacy.Tests/Granit.AI.Chat.Privacy.Tests.csproj" />
    <Project Path="tests/Granit.AI.Endpoints.Tests/Granit.AI.Endpoints.Tests.csproj" />
    <Project Path="tests/Granit.AI.EntityFrameworkCore.Tests/Granit.AI.EntityFrameworkCore.Tests.csproj" />
    <Project Path="tests/Granit.AI.Extraction.Tests/Granit.AI.Extraction.Tests.csproj" />
    <Project Path="tests/Granit.AI.Mcp.Tests/Granit.AI.Mcp.Tests.csproj" />
    <Project Path="tests/Granit.AI.Ollama.Tests/Granit.AI.Ollama.Tests.csproj" />
    <Project Path="tests/Granit.AI.OpenAI.Tests/Granit.AI.OpenAI.Tests.csproj" />
    <Project Path="tests/Granit.AI.Prompts.Tests/Granit.AI.Prompts.Tests.csproj" />
    <Project Path="tests/Granit.AI.Prompts.Endpoints.Tests/Granit.AI.Prompts.Endpoints.Tests.csproj" />
    <Project Path="tests/Granit.AI.Prompts.EntityFrameworkCore.Tests/Granit.AI.Prompts.EntityFrameworkCore.Tests.csproj" />
    <Project Path="tests/Granit.AI.Prompts.Privacy.Tests/Granit.AI.Prompts.Privacy.Tests.csproj" />
    <Project Path="tests/Granit.AI.StackExchangeRedis.Tests.Integration/Granit.AI.StackExchangeRedis.Tests.Integration.csproj" />
    <Project Path="tests/Granit.AI.Tests/Granit.AI.Tests.csproj" />
    <Project Path="tests/Granit.AI.Tools.Tests/Granit.AI.Tools.Tests.csproj" />
    <Project Path="tests/Granit.AI.Tools.Search.Tests/Granit.AI.Tools.Search.Tests.csproj" />
    <Project Path="tests/Granit.AI.VectorData.Tests/Granit.AI.VectorData.Tests.csproj" />
  </Folder>
  <Folder Name="/tests/Tooling/">
    <Project Path="tests/Granit.Analyzers.CodeFixes.Tests/Granit.Analyzers.CodeFixes.Tests.csproj" />
    <Project Path="tests/Granit.Analyzers.Tests/Granit.Analyzers.Tests.csproj" />
    <Project Path="tests/Granit.Testing.EntityFrameworkCore.Tests/Granit.Testing.EntityFrameworkCore.Tests.csproj" />
    <Project Path="tests/Granit.Testing.Tests/Granit.Testing.Tests.csproj" />
  </Folder>
  <Folder Name="/tests/Architecture Tests/">
    <Project Path="tests/Granit.ArchitectureTests.Abstractions.Tests/Granit.ArchitectureTests.Abstractions.Tests.csproj" />
    <Project Path="tests/Granit.ArchitectureTests.Abstractions/Granit.ArchitectureTests.Abstractions.csproj" />
    <Project Path="tests/Granit.ArchitectureTests/Granit.ArchitectureTests.csproj" />
  </Folder>
</Solution>
