{
  "version": 2,
  "dependencies": {
    "net10.0": {
      "AspNet.Security.OAuth.Apple": {
        "type": "Direct",
        "requested": "[10.*, )",
        "resolved": "10.0.0",
        "contentHash": "nbZRB7YLt+cByQPZ06mRWlZYXLhqNt9KtUArOqBS1g2gJ8A9f3J5qLeTjvmzKJjXI7CCC+jGwDLrMOD9H0yYjw==",
        "dependencies": {
          "Microsoft.IdentityModel.Protocols.OpenIdConnect": "8.14.0"
        }
      },
      "Microsoft.CodeAnalysis.BannedApiAnalyzers": {
        "type": "Direct",
        "requested": "[3.*, )",
        "resolved": "3.3.4",
        "contentHash": "0k2Jwpc8eq0hjOtX6TxRkHm9clkJ2PAQ3heEHgqIJZcsfdFosC/iyz18nsgTVDDWpID80rC7aiYK7ripx+Qndg=="
      },
      "Microsoft.IdentityModel.Abstractions": {
        "type": "Transitive",
        "resolved": "8.14.0",
        "contentHash": "iwbCpSjD3ehfTwBhtSNEtKPK0ICun6ov7Ibx6ISNA9bfwIyzI2Siwyi9eJFCJBwxowK9xcA1mj+jBWiigeqgcQ=="
      },
      "Microsoft.IdentityModel.JsonWebTokens": {
        "type": "Transitive",
        "resolved": "8.14.0",
        "contentHash": "4jOpiA4THdtpLyMdAb24dtj7+6GmvhOhxf5XHLYWmPKF8ApEnApal1UnJsKO4HxUWRXDA6C4WQVfYyqsRhpNpQ==",
        "dependencies": {
          "Microsoft.IdentityModel.Tokens": "8.14.0"
        }
      },
      "Microsoft.IdentityModel.Logging": {
        "type": "Transitive",
        "resolved": "8.14.0",
        "contentHash": "eqqnemdW38CKZEHS6diA50BV94QICozDZEvSrsvN3SJXUFwVB9gy+/oz76gldP7nZliA16IglXjXTCTdmU/Ejg==",
        "dependencies": {
          "Microsoft.IdentityModel.Abstractions": "8.14.0"
        }
      },
      "Microsoft.IdentityModel.Protocols": {
        "type": "Transitive",
        "resolved": "8.14.0",
        "contentHash": "rLr9HmibIpwkrOnsYyF3SGKx+6q2ewKDc3xzITngydqflG3TDVqAaby7yFRbP8du43If2S44fseoAkaL8A0Ivg==",
        "dependencies": {
          "Microsoft.IdentityModel.Tokens": "8.14.0"
        }
      },
      "Microsoft.IdentityModel.Protocols.OpenIdConnect": {
        "type": "Transitive",
        "resolved": "8.14.0",
        "contentHash": "afwKt+g52FXMu5Hsgpm6cFSFh40WYbnvXKJDCCBjcV10m6eXRwN2SBpg3auyyA6mYDZVaEtxYaOLXqsZAz4oig==",
        "dependencies": {
          "Microsoft.IdentityModel.Protocols": "8.14.0",
          "System.IdentityModel.Tokens.Jwt": "8.14.0"
        }
      },
      "Microsoft.IdentityModel.Tokens": {
        "type": "Transitive",
        "resolved": "8.14.0",
        "contentHash": "lKIZiBiGd36k02TCdMHp1KlNWisyIvQxcYJvIkz7P4gSQ9zi8dgh6S5Grj8NNG7HWYIPfQymGyoZ6JB5d1Lo1g==",
        "dependencies": {
          "Microsoft.Extensions.Logging.Abstractions": "8.0.0",
          "Microsoft.IdentityModel.Logging": "8.14.0"
        }
      },
      "System.IdentityModel.Tokens.Jwt": {
        "type": "Transitive",
        "resolved": "8.14.0",
        "contentHash": "EYGgN/S+HK7S6F3GaaPLFAfK0UzMrkXFyWCvXpQWFYmZln3dqtbyIO7VuTM/iIIPMzkelg8ZLlBPvMhxj6nOAA==",
        "dependencies": {
          "Microsoft.IdentityModel.JsonWebTokens": "8.14.0",
          "Microsoft.IdentityModel.Tokens": "8.14.0"
        }
      },
      "granit": {
        "type": "Project"
      },
      "granit.authentication.external": {
        "type": "Project",
        "dependencies": {
          "Granit": "[0.1.0-dev, )"
        }
      },
      "Microsoft.Extensions.DependencyInjection.Abstractions": {
        "type": "CentralTransitive",
        "requested": "[10.*, )",
        "resolved": "8.0.0",
        "contentHash": "cjWrLkJXK0rs4zofsK4bSdg+jhDLTaxrkXu4gS6Y7MAlCvRyNNgwY/lJi5RDlQOnSZweHqoyvgvbdvQsRIW+hg=="
      },
      "Microsoft.Extensions.Logging.Abstractions": {
        "type": "CentralTransitive",
        "requested": "[10.*, )",
        "resolved": "8.0.0",
        "contentHash": "arDBqTgFCyS0EvRV7O3MZturChstm50OJ0y9bDJvAcmEPJm0FFpFyjU/JLYyStNGGey081DvnQYlncNX5SJJGA==",
        "dependencies": {
          "Microsoft.Extensions.DependencyInjection.Abstractions": "8.0.0"
        }
      }
    }
  }
}