{
  "version": 2,
  "dependencies": {
    "net10.0": {
      "Microsoft.CodeAnalysis.BannedApiAnalyzers": {
        "type": "Direct",
        "requested": "[3.*, )",
        "resolved": "3.3.4",
        "contentHash": "0k2Jwpc8eq0hjOtX6TxRkHm9clkJ2PAQ3heEHgqIJZcsfdFosC/iyz18nsgTVDDWpID80rC7aiYK7ripx+Qndg=="
      },
      "Asp.Versioning.Abstractions": {
        "type": "Transitive",
        "resolved": "10.0.0-preview.2",
        "contentHash": "I4CuGwl0nO98j6Ft6XlGBgzj1+goE/TSVlnHKgtRkuMZ0K4gy9I+Wyrtto8dyt0hWcFMDFAZ4lYNr58DSemH1g==",
        "dependencies": {
          "Microsoft.Extensions.Primitives": "10.0.0"
        }
      },
      "Asp.Versioning.Http": {
        "type": "Transitive",
        "resolved": "10.0.0-preview.2",
        "contentHash": "4/QzujOrkGn9sMch3eHhR5LpVJ4Xo5T2BNg7U1/r4YwEa8JywzkoGQHjW7Nk0W8ljETnpoJaO5mrTsfEOnJK3A==",
        "dependencies": {
          "Asp.Versioning.Abstractions": "10.0.0-preview.2"
        }
      },
      "Microsoft.AspNetCore.Cryptography.Internal": {
        "type": "Transitive",
        "resolved": "10.0.5",
        "contentHash": "kFUpNRYySfqNLuQKGMKZ2mK8b86R1zizlc9QB6R/Ess0rSkrA8pRNCMSFm+DqUnNfm5G3FWjsYIJOKYyhkHeig=="
      },
      "Microsoft.AspNetCore.Cryptography.KeyDerivation": {
        "type": "Transitive",
        "resolved": "10.0.5",
        "contentHash": "NkWUZYkL6wavYY2wMZgnODzsyTOZhcRxP/DJvZlBbWEJViukdyuIqtdTzltODyjsc3MjEvxmbPDDk2KgGv6tMA==",
        "dependencies": {
          "Microsoft.AspNetCore.Cryptography.Internal": "10.0.5"
        }
      },
      "Microsoft.EntityFrameworkCore.Abstractions": {
        "type": "Transitive",
        "resolved": "10.0.5",
        "contentHash": "32c58Rnm47Qvhimawf67KO9PytgPz3QoWye7Abapt0Yocw/JnzMiSNj/pRoIKyn8Jxypkv86zxKD4Q/zNTc0Ag=="
      },
      "Microsoft.EntityFrameworkCore.Analyzers": {
        "type": "Transitive",
        "resolved": "10.0.5",
        "contentHash": "ipC4u1VojgEfoIZhtbS2Sx5IluJTP/Jf1hz3yGsxGBgSukYY/CquI6rAjxn5H58CZgVn36qcuPPtNMwZ0AUzMg=="
      },
      "Microsoft.Extensions.AmbientMetadata.Application": {
        "type": "Transitive",
        "resolved": "10.3.0",
        "contentHash": "Oh/FQJrTZqiqZuFktqDCwLFgxIUnNATZx46AwUTf5A/+FmK/TzPf/iwSqMK85QlioLD9ehOxWe0NBfsCSkp5pw==",
        "dependencies": {
          "Microsoft.Extensions.Configuration": "10.0.3",
          "Microsoft.Extensions.Hosting.Abstractions": "10.0.3",
          "Microsoft.Extensions.Options.ConfigurationExtensions": "10.0.3"
        }
      },
      "Microsoft.Extensions.Compliance.Abstractions": {
        "type": "Transitive",
        "resolved": "10.3.0",
        "contentHash": "b3gmxtyX0n8bQFuZ679f8QiOWqjeZKFc6XXPUsYNFzMcWi0Q44Ej3pB41N/QQ0maX380kmOMF36bLSBHNThXAg==",
        "dependencies": {
          "Microsoft.Extensions.DependencyInjection.Abstractions": "10.0.3",
          "Microsoft.Extensions.ObjectPool": "10.0.3"
        }
      },
      "Microsoft.Extensions.Configuration": {
        "type": "Transitive",
        "resolved": "10.0.5",
        "contentHash": "8Rx5sqg04FttxrumyG6bmoRuFRgYzK6IVwF1i0/o0cXfKBdDeVpJejKHtJCMjyg9E/DNMVqpqOGe/tCT5gYvVA==",
        "dependencies": {
          "Microsoft.Extensions.Configuration.Abstractions": "10.0.5",
          "Microsoft.Extensions.Primitives": "10.0.5"
        }
      },
      "Microsoft.Extensions.Configuration.Abstractions": {
        "type": "Transitive",
        "resolved": "10.0.5",
        "contentHash": "P09QpTHjqHmCLQOTC+WyLkoRNxek4NIvfWt+TnU0etoDUSRxcltyd6+j/ouRbMdLR0j44GqGO+lhI2M4fAHG4g==",
        "dependencies": {
          "Microsoft.Extensions.Primitives": "10.0.5"
        }
      },
      "Microsoft.Extensions.DependencyInjection": {
        "type": "Transitive",
        "resolved": "10.0.5",
        "contentHash": "v1SVsowG6YE1YnHVGmLWz57YTRCQRx9pH5ebIESXfm5isI9gA3QaMyg/oMTzPpXYZwSAVDzYItGJKfmV+pqXkQ==",
        "dependencies": {
          "Microsoft.Extensions.DependencyInjection.Abstractions": "10.0.5"
        }
      },
      "Microsoft.Extensions.DependencyInjection.AutoActivation": {
        "type": "Transitive",
        "resolved": "10.3.0",
        "contentHash": "g6/S5rhP1XNBqeDa9zKXri/uDKe6gjzSqGsocuySb1OdVm8fz/M9YcWTJsCw5RHF8xIb/B3NgsfBPQF9Emjk3Q==",
        "dependencies": {
          "Microsoft.Extensions.Hosting.Abstractions": "10.0.3"
        }
      },
      "Microsoft.Extensions.Diagnostics": {
        "type": "Transitive",
        "resolved": "10.0.5",
        "contentHash": "vAJHd4yOpmKoK+jBuYV7a3y+Ab9U4ARCc29b6qvMy276RgJFw9LFs0DdsPqOL3ahwzyrX7tM+i4cCxU/RX0qAg==",
        "dependencies": {
          "Microsoft.Extensions.Configuration": "10.0.5",
          "Microsoft.Extensions.Diagnostics.Abstractions": "10.0.5",
          "Microsoft.Extensions.Options.ConfigurationExtensions": "10.0.5"
        }
      },
      "Microsoft.Extensions.Diagnostics.Abstractions": {
        "type": "Transitive",
        "resolved": "10.0.5",
        "contentHash": "/nYGrpa9/0BZofrVpBbbj+Ns8ZesiPE0V/KxsuHgDgHQopIzN54nRaQGSuvPw16/kI9sW1Zox5yyAPqvf0Jz6A==",
        "dependencies": {
          "Microsoft.Extensions.DependencyInjection.Abstractions": "10.0.5",
          "Microsoft.Extensions.Options": "10.0.5"
        }
      },
      "Microsoft.Extensions.Diagnostics.ExceptionSummarization": {
        "type": "Transitive",
        "resolved": "10.3.0",
        "contentHash": "TZAZsAFThNQDqCnWaGxV/X7OPSA7b+kY7wNTPNvPvSWa0jcTbmGVyzIY/feF4OgyAUUdzSnnLW6ri2Q+4keM4A==",
        "dependencies": {
          "Microsoft.Extensions.DependencyInjection.Abstractions": "10.0.3"
        }
      },
      "Microsoft.Extensions.Diagnostics.HealthChecks.Abstractions": {
        "type": "Transitive",
        "resolved": "10.0.5",
        "contentHash": "NrIMTy7dpqxAvA6kHAYH8cXID/YgeNOy0OqFKpLtkPu5X4WS/basX91UszANzVrMNRAICJ2GOnGiRxJtsRyEQw=="
      },
      "Microsoft.Extensions.FileProviders.Abstractions": {
        "type": "Transitive",
        "resolved": "10.0.5",
        "contentHash": "nCBmCx0Xemlu65ZiWMcXbvfvtznKxf4/YYKF9R28QkqdI9lTikedGqzJ28/xmdGGsxUnsP5/3TQGpiPwVjK0dA==",
        "dependencies": {
          "Microsoft.Extensions.Primitives": "10.0.5"
        }
      },
      "Microsoft.Extensions.Http.Diagnostics": {
        "type": "Transitive",
        "resolved": "10.3.0",
        "contentHash": "/xuNWNxI4WLVatiTvaqfLd5ijFhQ/qvE14bOyWxeEWmXJkjh/g2G/5TdzMfoe0afq16OdWLGbrD9gWHo178hbg==",
        "dependencies": {
          "Microsoft.Extensions.Http": "10.0.3",
          "Microsoft.Extensions.Telemetry": "10.3.0"
        }
      },
      "Microsoft.Extensions.Http.Polly": {
        "type": "Transitive",
        "resolved": "10.0.3",
        "contentHash": "Dl3wUj5Fdk6AuPDCDBBcpnAW/mYfmfr+48g3fE4JCQiVSIjLGqjg1tyw5/dZnLHlC+tgzr6rntD7bBgigpZBhw==",
        "dependencies": {
          "Microsoft.Extensions.Http": "10.0.3",
          "Polly": "7.2.4",
          "Polly.Extensions.Http": "3.0.0"
        }
      },
      "Microsoft.Extensions.Identity.Core": {
        "type": "Transitive",
        "resolved": "10.0.5",
        "contentHash": "ew2Xob+HFvJvM7BelIrUIbGeVMO2q1A6gsZEsI8N/v0ddSv7qbvvY68mH16XzvlsqydqD3ct5ioQHsiEUDSNkg==",
        "dependencies": {
          "Microsoft.AspNetCore.Cryptography.KeyDerivation": "10.0.5",
          "Microsoft.Extensions.Diagnostics": "10.0.5",
          "Microsoft.Extensions.Logging": "10.0.5",
          "Microsoft.Extensions.Options": "10.0.5"
        }
      },
      "Microsoft.Extensions.Identity.Stores": {
        "type": "Transitive",
        "resolved": "10.0.5",
        "contentHash": "St8g+4xGLUhfSzTlHSLtCv7kh/tppvFab5x0kFIOsWryf1ffK2Ux+JIg01v5Yf27g2iQLCFEmW5hG5DDZL1HLA==",
        "dependencies": {
          "Microsoft.Extensions.Caching.Abstractions": "10.0.5",
          "Microsoft.Extensions.Identity.Core": "10.0.5",
          "Microsoft.Extensions.Logging": "10.0.5"
        }
      },
      "Microsoft.Extensions.Localization.Abstractions": {
        "type": "Transitive",
        "resolved": "10.0.5",
        "contentHash": "xKobiPRPVkK/bD/oLUTF1OnilG3N+4o0u/T8YWqHq+E97zWgCRr8Zhk9N6OZeLBSNHC7imT53QkH/yv9MaXkew=="
      },
      "Microsoft.Extensions.Logging": {
        "type": "Transitive",
        "resolved": "10.0.5",
        "contentHash": "+XTMKQyDWg4ODoNHU/BN3BaI1jhGO7VCS+BnzT/4IauiG6y2iPAte7MyD7rHKS+hNP0TkFkjrae8DFjDUxtcxg==",
        "dependencies": {
          "Microsoft.Extensions.DependencyInjection": "10.0.5",
          "Microsoft.Extensions.Logging.Abstractions": "10.0.5",
          "Microsoft.Extensions.Options": "10.0.5"
        }
      },
      "Microsoft.Extensions.Logging.Configuration": {
        "type": "Transitive",
        "resolved": "10.0.3",
        "contentHash": "PBlaoYeusaxNYyN4WFjzcXWlUDSvLUPxy/e6oP1SONOOYA/oBWT2uBmFGJMV9VTtXiXXxCB39LqlYWbsWE4UKA==",
        "dependencies": {
          "Microsoft.Extensions.Configuration": "10.0.3",
          "Microsoft.Extensions.Configuration.Abstractions": "10.0.3",
          "Microsoft.Extensions.Configuration.Binder": "10.0.3",
          "Microsoft.Extensions.DependencyInjection.Abstractions": "10.0.3",
          "Microsoft.Extensions.Logging": "10.0.3",
          "Microsoft.Extensions.Logging.Abstractions": "10.0.3",
          "Microsoft.Extensions.Options": "10.0.3",
          "Microsoft.Extensions.Options.ConfigurationExtensions": "10.0.3"
        }
      },
      "Microsoft.Extensions.ObjectPool": {
        "type": "Transitive",
        "resolved": "10.0.3",
        "contentHash": "dQKlVXzqflsv5X8iDlAN5YmTL1GcLCrOLKo1s9PNdfjqxeu0S/jmWTfiLGno+8+o1qFL3+VFAH5/ftmypN+sPw=="
      },
      "Microsoft.Extensions.Primitives": {
        "type": "Transitive",
        "resolved": "10.0.5",
        "contentHash": "/HUHJ0tw/LQvD0DZrz50eQy/3z7PfX7WWEaXnjKTV9/TNdcgFlNTZGo49QhS7PTmhDqMyHRMqAXSBxLh0vso4g=="
      },
      "Microsoft.Extensions.Resilience": {
        "type": "Transitive",
        "resolved": "10.3.0",
        "contentHash": "xc0dZuPkBaVIdMlODDppmNY/dxE27wIQ46gTzStoFXO4/yVcOMKlPmtr9vTP4edyXBRizGxPtcAFmqxZ5gPTkQ==",
        "dependencies": {
          "Microsoft.Extensions.Diagnostics": "10.0.3",
          "Microsoft.Extensions.Diagnostics.ExceptionSummarization": "10.3.0",
          "Microsoft.Extensions.Options.ConfigurationExtensions": "10.0.3",
          "Microsoft.Extensions.Telemetry.Abstractions": "10.3.0",
          "Polly.Extensions": "8.4.2",
          "Polly.RateLimiting": "8.4.2"
        }
      },
      "Microsoft.Extensions.Telemetry": {
        "type": "Transitive",
        "resolved": "10.3.0",
        "contentHash": "M1esrIGmwU2JBY0JpwdlUTXTNBXSBFEs+41bYBd59+9/vCaXw+vGhtYcCL+JXeGmxTLUHmuXcKbX/uVCSFcuzA==",
        "dependencies": {
          "Microsoft.Extensions.AmbientMetadata.Application": "10.3.0",
          "Microsoft.Extensions.DependencyInjection.AutoActivation": "10.3.0",
          "Microsoft.Extensions.Logging.Configuration": "10.0.3",
          "Microsoft.Extensions.ObjectPool": "10.0.3",
          "Microsoft.Extensions.Telemetry.Abstractions": "10.3.0"
        }
      },
      "Microsoft.Extensions.Telemetry.Abstractions": {
        "type": "Transitive",
        "resolved": "10.3.0",
        "contentHash": "aKxH6ZsGAewGF8uSXyx1WkjqItwZA+hd1hhQ/4i7o5injCWSdr9vIZ3R3djJfy8OG3xaWK+LZY/+slVvlnwEHw==",
        "dependencies": {
          "Microsoft.Extensions.Compliance.Abstractions": "10.3.0",
          "Microsoft.Extensions.Logging.Abstractions": "10.0.3",
          "Microsoft.Extensions.ObjectPool": "10.0.3",
          "Microsoft.Extensions.Options": "10.0.3"
        }
      },
      "Microsoft.IdentityModel.Abstractions": {
        "type": "Transitive",
        "resolved": "8.16.0",
        "contentHash": "gSxKLWRZzBpIsEoeUPkxfywNCCvRvl7hkq146XHPk5vOQc9izSf1I+uL1vh4y2U19QPxd9Z8K/8AdWyxYz2lSg=="
      },
      "Microsoft.IdentityModel.JsonWebTokens": {
        "type": "Transitive",
        "resolved": "8.16.0",
        "contentHash": "prBU72cIP4V8E9fhN+o/YdskTsLeIcnKPbhZf0X6mD7fdxoZqnS/NdEkSr+9Zp+2q7OZBOMfNBKGbTbhXODO4w==",
        "dependencies": {
          "Microsoft.IdentityModel.Tokens": "8.16.0"
        }
      },
      "Microsoft.IdentityModel.Logging": {
        "type": "Transitive",
        "resolved": "8.16.0",
        "contentHash": "MTzXmETkNQPACR7/XCXM1OGM6oU9RkyibqeJRtO9Ndew2LnGjMf9Atqj2VSf4XC27X0FQycUAlzxxEgQMWn2xQ==",
        "dependencies": {
          "Microsoft.IdentityModel.Abstractions": "8.16.0"
        }
      },
      "Microsoft.IdentityModel.Protocols": {
        "type": "Transitive",
        "resolved": "8.16.0",
        "contentHash": "UFrU7d46UTsPQTa2HIEIpB9H1uJe1BW9FLw5uhEJ2ZuKdur8bcUA/bO5caq5dlBt5gNJeRIB3QQXYNs5fCQCZA==",
        "dependencies": {
          "Microsoft.IdentityModel.Tokens": "8.16.0"
        }
      },
      "Microsoft.IdentityModel.Tokens": {
        "type": "Transitive",
        "resolved": "8.16.0",
        "contentHash": "rtViGJcGsN7WcfUNErwNeQgjuU5cJNl6FDQsfi9TncwO+Epzn0FTfBsg3YuFW1Q0Ch/KPxaVdjLw3/+5Z5ceFQ==",
        "dependencies": {
          "Microsoft.Extensions.Logging.Abstractions": "10.0.0",
          "Microsoft.IdentityModel.Logging": "8.16.0"
        }
      },
      "Microsoft.Net.Http.Headers": {
        "type": "Transitive",
        "resolved": "10.0.3",
        "contentHash": "mVfNbTz62CVPchCUmRsZs3MoTGsE9baNmiqwp11VikTis8RwxJW6ddYX6PXlJR4kAhVerGvjok3r7T5GCXMjaA==",
        "dependencies": {
          "Microsoft.Extensions.Primitives": "10.0.3"
        }
      },
      "Microsoft.OpenApi": {
        "type": "Transitive",
        "resolved": "2.0.0",
        "contentHash": "GGYLfzV/G/ct80OZ45JxnWP7NvMX1BCugn/lX7TH5o0lcVaviavsLMTxmFV2AybXWjbi3h6FF1vgZiTK6PXndw=="
      },
      "OpenIddict.Abstractions": {
        "type": "Transitive",
        "resolved": "7.4.0",
        "contentHash": "HJgzgj7uTnQ6SQDx/NV6+KGhg35PhDHIxAfeXKf4+EUUM0NvJnY0cemyuxezWeZT+2ETnbzxE2yl2hQDQ5ODeA==",
        "dependencies": {
          "Microsoft.Extensions.DependencyInjection.Abstractions": "10.0.3",
          "Microsoft.Extensions.Primitives": "10.0.3",
          "Microsoft.IdentityModel.Tokens": "8.16.0"
        }
      },
      "OpenIddict.Client": {
        "type": "Transitive",
        "resolved": "7.4.0",
        "contentHash": "OXIa4LdLlRX61xq/9y/57ZcWxg4QvQvjbP/imGEUToETYWrIwEqje5KPFnpO7V3eVDXgl1acfanGo5BnoK6Yjw==",
        "dependencies": {
          "Microsoft.Extensions.Logging": "10.0.3",
          "Microsoft.IdentityModel.JsonWebTokens": "8.16.0",
          "Microsoft.IdentityModel.Protocols": "8.16.0",
          "OpenIddict.Abstractions": "7.4.0"
        }
      },
      "OpenIddict.Client.SystemIntegration": {
        "type": "Transitive",
        "resolved": "7.4.0",
        "contentHash": "0iEpO+TZ7CxWV+Wydiaaue8PKLvmOy13hLhLiewT3p8JZm8xkKBnC3qoKbFUYEHn7Z2ZdIpCUvkJIrb7aF7VBA==",
        "dependencies": {
          "Microsoft.Extensions.Hosting.Abstractions": "10.0.3",
          "Microsoft.Net.Http.Headers": "10.0.3",
          "OpenIddict.Client": "7.4.0"
        }
      },
      "OpenIddict.Client.SystemNetHttp": {
        "type": "Transitive",
        "resolved": "7.4.0",
        "contentHash": "0jYaa6Ezg5CVcmZhiDcxKrAMS1Lwlju84VpqJw/YBnQ9IISvmLrSRSCDfJ1dZKeSeX9DMTyUV8ng3F3JqyhgDQ==",
        "dependencies": {
          "Microsoft.Extensions.Http.Polly": "10.0.3",
          "Microsoft.Extensions.Http.Resilience": "10.3.0",
          "OpenIddict.Client": "7.4.0"
        }
      },
      "OpenIddict.Client.WebIntegration": {
        "type": "Transitive",
        "resolved": "7.4.0",
        "contentHash": "vYsEVPxoPxVwylkechXoF0mokts+FyFoL/46i9eWi2J05KbNbErBz43rEwVmq0qFn6ou0gQZ25dj+f8PA9rOlQ==",
        "dependencies": {
          "OpenIddict.Client": "7.4.0",
          "OpenIddict.Client.SystemNetHttp": "7.4.0"
        }
      },
      "OpenIddict.Core": {
        "type": "Transitive",
        "resolved": "7.4.0",
        "contentHash": "ERrIxz0IvZVv7+ouALe5QCnkdlR7+pN1D82Ap2dOLw80HpQFkc0qWda4/dvTny5wdiuoXzkjd/pNOc3P10/lJA==",
        "dependencies": {
          "Microsoft.Extensions.Caching.Memory": "10.0.3",
          "Microsoft.Extensions.Logging": "10.0.3",
          "Microsoft.Extensions.Options": "10.0.3",
          "OpenIddict.Abstractions": "7.4.0"
        }
      },
      "OpenIddict.EntityFrameworkCore.Models": {
        "type": "Transitive",
        "resolved": "7.4.0",
        "contentHash": "n13CeYAPImXpM2Vb83dCQoMSC2VYPgRp2q4GLp4YG/TA5Qd+X/Jza6eG+MLwx/2mYt8Xhxp+fVusDrUlpe8ZkA=="
      },
      "OpenIddict.Server": {
        "type": "Transitive",
        "resolved": "7.4.0",
        "contentHash": "ZzFZWuPZS5NKzQq7V+u6lzgU56IhfJRxoTbySdimv1OYYsqOhEFRq19gCZMWBNCYOTHBxipAPdjnAXFytyGtrw==",
        "dependencies": {
          "Microsoft.Extensions.Logging": "10.0.3",
          "Microsoft.IdentityModel.JsonWebTokens": "8.16.0",
          "OpenIddict.Abstractions": "7.4.0"
        }
      },
      "OpenIddict.Validation": {
        "type": "Transitive",
        "resolved": "7.4.0",
        "contentHash": "SrRjeHnMF7h1hY0ZykQVyI4t+PmJ3Gq1PhQJr+LuLcO+fYkpEqyfCRdOxY+ThnXQJjSOYQxLhrBRg0u330TnKw==",
        "dependencies": {
          "Microsoft.Extensions.Logging": "10.0.3",
          "Microsoft.IdentityModel.JsonWebTokens": "8.16.0",
          "Microsoft.IdentityModel.Protocols": "8.16.0",
          "OpenIddict.Abstractions": "7.4.0"
        }
      },
      "OpenIddict.Validation.ServerIntegration": {
        "type": "Transitive",
        "resolved": "7.4.0",
        "contentHash": "7X9uh3T64DroGN0AQgXKC9FDjvWV7IBtW3yTjEdzk0ZqeXKEuTRPzrJdfUwkMx/60iLhAX8zQ2TToO15Z7i5pA==",
        "dependencies": {
          "OpenIddict.Server": "7.4.0",
          "OpenIddict.Validation": "7.4.0"
        }
      },
      "Polly": {
        "type": "Transitive",
        "resolved": "7.2.4",
        "contentHash": "bw00Ck5sh6ekduDE3mnCo1ohzuad946uslCDEENu3091+6UKnBuKLo4e+yaNcCzXxOZCXWY2gV4a35+K1d4LDA=="
      },
      "Polly.Core": {
        "type": "Transitive",
        "resolved": "8.4.2",
        "contentHash": "BpE2I6HBYYA5tF0Vn4eoQOGYTYIK1BlF5EXVgkWGn3mqUUjbXAr13J6fZVbp7Q3epRR8yshacBMlsHMhpOiV3g=="
      },
      "Polly.Extensions": {
        "type": "Transitive",
        "resolved": "8.4.2",
        "contentHash": "GZ9vRVmR0jV2JtZavt+pGUsQ1O1cuRKG7R7VOZI6ZDy9y6RNPvRvXK1tuS4ffUrv8L0FTea59oEuQzgS0R7zSA==",
        "dependencies": {
          "Microsoft.Extensions.Logging.Abstractions": "8.0.0",
          "Microsoft.Extensions.Options": "8.0.0",
          "Polly.Core": "8.4.2"
        }
      },
      "Polly.Extensions.Http": {
        "type": "Transitive",
        "resolved": "3.0.0",
        "contentHash": "drrG+hB3pYFY7w1c3BD+lSGYvH2oIclH8GRSehgfyP5kjnFnHKQuuBhuHLv+PWyFuaTDyk/vfRpnxOzd11+J8g==",
        "dependencies": {
          "Polly": "7.1.0"
        }
      },
      "Polly.RateLimiting": {
        "type": "Transitive",
        "resolved": "8.4.2",
        "contentHash": "ehTImQ/eUyO07VYW2WvwSmU9rRH200SKJ/3jku9rOkyWE0A2JxNFmAVms8dSn49QLSjmjFRRSgfNyOgr/2PSmA==",
        "dependencies": {
          "Polly.Core": "8.4.2",
          "System.Threading.RateLimiting": "8.0.0"
        }
      },
      "System.Threading.RateLimiting": {
        "type": "Transitive",
        "resolved": "8.0.0",
        "contentHash": "7mu9v0QDv66ar3DpGSZHg9NuNcxDaaAcnMULuZlaTpP9+hwXhrxNGsF5GmLkSHxFdb5bBc1TzeujsRgTrPWi+Q=="
      },
      "ZString": {
        "type": "Transitive",
        "resolved": "2.6.0",
        "contentHash": "XE8a+11nZg0LRaf+RGABEWaHIf8yGd5w8v/Ra1iWxMBmAVzwuKbW7G21mS0U7w7sh1lYcgckInWGgnz4qyET8A=="
      },
      "granit.authentication.openiddict": {
        "type": "Project",
        "dependencies": {
          "Granit.Security": "[0.1.0-dev, )",
          "OpenIddict.Validation.AspNetCore": "[7.*, )",
          "OpenIddict.Validation.SystemNetHttp": "[7.*, )"
        }
      },
      "granit.authorization": {
        "type": "Project",
        "dependencies": {
          "Granit.Caching": "[0.1.0-dev, )",
          "Granit.Security": "[0.1.0-dev, )"
        }
      },
      "granit.backgroundjobs": {
        "type": "Project",
        "dependencies": {
          "Cronos": "[0.11.*, )",
          "Granit.Core": "[0.1.0-dev, )",
          "Granit.Guids": "[0.1.0-dev, )",
          "Granit.Security": "[0.1.0-dev, )",
          "Granit.Timing": "[0.1.0-dev, )",
          "Microsoft.Extensions.Hosting.Abstractions": "[10.*, )",
          "Microsoft.Extensions.Options": "[10.*, )",
          "Microsoft.Extensions.Options.ConfigurationExtensions": "[10.*, )"
        }
      },
      "granit.caching": {
        "type": "Project",
        "dependencies": {
          "Granit.Core": "[0.1.0-dev, )",
          "Granit.Timing": "[0.1.0-dev, )",
          "Microsoft.Extensions.Caching.Abstractions": "[10.*, )",
          "Microsoft.Extensions.Caching.Memory": "[10.*, )",
          "Microsoft.Extensions.Configuration.Binder": "[10.*, )",
          "Microsoft.Extensions.DependencyInjection.Abstractions": "[10.*, )",
          "Microsoft.Extensions.Options": "[10.*, )",
          "Microsoft.Extensions.Options.ConfigurationExtensions": "[10.*, )",
          "ZiggyCreatures.FusionCache": "[2.*, )",
          "ZiggyCreatures.FusionCache.OpenTelemetry": "[2.*, )",
          "ZiggyCreatures.FusionCache.Serialization.SystemTextJson": "[2.*, )"
        }
      },
      "granit.core": {
        "type": "Project"
      },
      "granit.encryption": {
        "type": "Project",
        "dependencies": {
          "Granit.Core": "[0.1.0-dev, )",
          "Microsoft.Extensions.DependencyInjection.Abstractions": "[10.*, )",
          "Microsoft.Extensions.Options": "[10.*, )",
          "Microsoft.Extensions.Options.ConfigurationExtensions": "[10.*, )"
        }
      },
      "granit.eventbus": {
        "type": "Project",
        "dependencies": {
          "Granit.Core": "[0.1.0-dev, )",
          "Microsoft.Extensions.DependencyInjection.Abstractions": "[10.*, )",
          "Microsoft.Extensions.Logging.Abstractions": "[10.*, )"
        }
      },
      "granit.guids": {
        "type": "Project",
        "dependencies": {
          "Granit.Timing": "[0.1.0-dev, )",
          "Microsoft.Extensions.DependencyInjection.Abstractions": "[10.*, )",
          "Microsoft.Extensions.Options": "[10.*, )"
        }
      },
      "granit.http.apidocumentation": {
        "type": "Project",
        "dependencies": {
          "Granit.Http.ApiVersioning": "[0.1.0-dev, )",
          "Granit.Security": "[0.1.0-dev, )",
          "Microsoft.AspNetCore.OpenApi": "[10.*, )",
          "Scalar.AspNetCore": "[2.*, )"
        }
      },
      "granit.http.apiversioning": {
        "type": "Project",
        "dependencies": {
          "Asp.Versioning.Mvc": "[10.0.0-preview.*, )",
          "Asp.Versioning.Mvc.ApiExplorer": "[10.0.0-preview.*, )",
          "Granit.Core": "[0.1.0-dev, )"
        }
      },
      "granit.http.exceptionhandling": {
        "type": "Project",
        "dependencies": {
          "Granit.Core": "[0.1.0-dev, )"
        }
      },
      "granit.identity": {
        "type": "Project",
        "dependencies": {
          "Granit.Core": "[0.1.0-dev, )",
          "Granit.Querying": "[0.1.0-dev, )"
        }
      },
      "granit.identity.local.aspnetcore": {
        "type": "Project",
        "dependencies": {
          "Granit.Identity": "[0.1.0-dev, )",
          "Granit.OpenIddict.EntityFrameworkCore": "[0.1.0-dev, )"
        }
      },
      "granit.localization": {
        "type": "Project",
        "dependencies": {
          "Granit.Caching": "[0.1.0-dev, )",
          "Granit.Core": "[0.1.0-dev, )",
          "Microsoft.Extensions.Localization": "[10.*, )",
          "Microsoft.Extensions.Options": "[10.*, )",
          "SmartFormat": "[3.*, )"
        }
      },
      "granit.multitenancy": {
        "type": "Project",
        "dependencies": {
          "Granit.Core": "[0.1.0-dev, )"
        }
      },
      "granit.openiddict": {
        "type": "Project",
        "dependencies": {
          "Granit.Core": "[0.1.0-dev, )",
          "Granit.EventBus": "[0.1.0-dev, )",
          "Granit.Guids": "[0.1.0-dev, )",
          "Granit.Identity": "[0.1.0-dev, )",
          "Granit.Querying": "[0.1.0-dev, )",
          "Granit.Security": "[0.1.0-dev, )",
          "Granit.Timing": "[0.1.0-dev, )",
          "OpenIddict.EntityFrameworkCore": "[7.*, )"
        }
      },
      "granit.openiddict.backgroundjobs": {
        "type": "Project",
        "dependencies": {
          "Granit.BackgroundJobs": "[0.1.0-dev, )",
          "Granit.OpenIddict": "[0.1.0-dev, )",
          "Granit.Settings": "[0.1.0-dev, )",
          "Microsoft.Extensions.Caching.Abstractions": "[10.*, )",
          "OpenIddict": "[7.*, )"
        }
      },
      "granit.openiddict.endpoints": {
        "type": "Project",
        "dependencies": {
          "Granit.Authorization": "[0.1.0-dev, )",
          "Granit.Http.ApiDocumentation": "[0.1.0-dev, )",
          "Granit.OpenIddict": "[0.1.0-dev, )",
          "Granit.Querying": "[0.1.0-dev, )",
          "Granit.Validation": "[0.1.0-dev, )"
        }
      },
      "granit.openiddict.entityframeworkcore": {
        "type": "Project",
        "dependencies": {
          "Granit.Encryption": "[0.1.0-dev, )",
          "Granit.MultiTenancy": "[0.1.0-dev, )",
          "Granit.OpenIddict.Server": "[0.1.0-dev, )",
          "Granit.Persistence": "[0.1.0-dev, )",
          "Microsoft.AspNetCore.Identity.EntityFrameworkCore": "[10.*, )",
          "Microsoft.EntityFrameworkCore": "[10.*, )",
          "Microsoft.EntityFrameworkCore.Relational": "[10.*, )",
          "OpenIddict": "[7.*, )",
          "OpenIddict.EntityFrameworkCore": "[7.*, )"
        }
      },
      "granit.openiddict.server": {
        "type": "Project",
        "dependencies": {
          "Granit.OpenIddict": "[0.1.0-dev, )",
          "OpenIddict": "[7.*, )",
          "OpenIddict.Server.AspNetCore": "[7.*, )",
          "OpenIddict.Validation.AspNetCore": "[7.*, )"
        }
      },
      "granit.persistence": {
        "type": "Project",
        "dependencies": {
          "Granit.Guids": "[0.1.0-dev, )",
          "Granit.Http.ExceptionHandling": "[0.1.0-dev, )",
          "Granit.Security": "[0.1.0-dev, )",
          "Granit.Timing": "[0.1.0-dev, )",
          "Microsoft.EntityFrameworkCore": "[10.*, )",
          "Microsoft.EntityFrameworkCore.Relational": "[10.*, )",
          "Microsoft.Extensions.DependencyInjection.Abstractions": "[10.*, )",
          "Microsoft.Extensions.Diagnostics.HealthChecks.EntityFrameworkCore": "[10.*, )",
          "Microsoft.Extensions.Hosting.Abstractions": "[10.*, )"
        }
      },
      "granit.querying": {
        "type": "Project",
        "dependencies": {
          "Granit.Core": "[0.1.0-dev, )"
        }
      },
      "granit.security": {
        "type": "Project",
        "dependencies": {
          "Granit.Core": "[0.1.0-dev, )"
        }
      },
      "granit.settings": {
        "type": "Project",
        "dependencies": {
          "Granit.Caching": "[0.1.0-dev, )",
          "Granit.Encryption": "[0.1.0-dev, )",
          "Granit.EventBus": "[0.1.0-dev, )",
          "Granit.Security": "[0.1.0-dev, )"
        }
      },
      "granit.timing": {
        "type": "Project",
        "dependencies": {
          "Granit.Core": "[0.1.0-dev, )",
          "Microsoft.Extensions.DependencyInjection.Abstractions": "[10.*, )",
          "Microsoft.Extensions.Options": "[10.*, )"
        }
      },
      "granit.validation": {
        "type": "Project",
        "dependencies": {
          "FluentValidation": "[12.*, )",
          "FluentValidation.DependencyInjectionExtensions": "[12.*, )",
          "Granit.Http.ExceptionHandling": "[0.1.0-dev, )",
          "Granit.Localization": "[0.1.0-dev, )",
          "Microsoft.AspNetCore.OpenApi": "[10.*, )"
        }
      },
      "Asp.Versioning.Mvc": {
        "type": "CentralTransitive",
        "requested": "[10.0.0-preview.*, )",
        "resolved": "10.0.0-preview.2",
        "contentHash": "AyrcDwLzJp8yRJaFjZMJXkR1Rx2UaJkwGrGlX8sxIt2F5ZGiZwn/puXkB/oEaq55TxLkpiXWAOHHFsiVptp0fA==",
        "dependencies": {
          "Asp.Versioning.Http": "10.0.0-preview.2"
        }
      },
      "Asp.Versioning.Mvc.ApiExplorer": {
        "type": "CentralTransitive",
        "requested": "[10.0.0-preview.*, )",
        "resolved": "10.0.0-preview.2",
        "contentHash": "G/LhAaLQj+gsB8UXRNm65fxjsI7fe87itZExb+MvJOQdrXYalZKbwuzMntO95xM5cKDrDgLnCH64fl6w173aGg==",
        "dependencies": {
          "Asp.Versioning.Mvc": "10.0.0-preview.2"
        }
      },
      "Cronos": {
        "type": "CentralTransitive",
        "requested": "[0.11.*, )",
        "resolved": "0.11.1",
        "contentHash": "5Ug+giPQITSAdTp/METAsofRSSUi3I5p7t4dlcXnzUgUzwZb4HkOBcYfpHuPwAHrnKJjmyW8amVzLD6mfLpaBg=="
      },
      "FluentValidation": {
        "type": "CentralTransitive",
        "requested": "[12.*, )",
        "resolved": "12.1.1",
        "contentHash": "EPpkIe1yh1a0OXyC100oOA8WMbZvqUu5plwhvYcb7oSELfyUZzfxV48BLhvs3kKo4NwG7MGLNgy1RJiYtT8Dpw=="
      },
      "FluentValidation.DependencyInjectionExtensions": {
        "type": "CentralTransitive",
        "requested": "[12.*, )",
        "resolved": "12.1.1",
        "contentHash": "D0VXh4dtjjX2aQizuaa0g6R8X3U1JaVqJPfGCvLwZX9t/O2h7tkpbitbadQMfwcgSPdDbI2vDxuwRMv/Uf9dHA==",
        "dependencies": {
          "FluentValidation": "12.1.1",
          "Microsoft.Extensions.DependencyInjection.Abstractions": "2.1.0"
        }
      },
      "Microsoft.AspNetCore.Identity.EntityFrameworkCore": {
        "type": "CentralTransitive",
        "requested": "[10.*, )",
        "resolved": "10.0.5",
        "contentHash": "oo1uauTwgcnhYgituZ2nI3wJ8XN9z76ggu2zkOJu1BCfOOsqr+g08Kr4MOiMuXEhwySkpIV+MVoC25hC1288NA==",
        "dependencies": {
          "Microsoft.EntityFrameworkCore.Relational": "10.0.5",
          "Microsoft.Extensions.Identity.Stores": "10.0.5"
        }
      },
      "Microsoft.AspNetCore.OpenApi": {
        "type": "CentralTransitive",
        "requested": "[10.*, )",
        "resolved": "10.0.5",
        "contentHash": "vTcxIfOPyfFbYk1g8YcXJfkMnlEWVkSnnjxcZLy60zgwiHMRf2SnZR+9E4HlpwKxgE3yfKMOti8J6WfKuKsw6w==",
        "dependencies": {
          "Microsoft.OpenApi": "2.0.0"
        }
      },
      "Microsoft.EntityFrameworkCore": {
        "type": "CentralTransitive",
        "requested": "[10.*, )",
        "resolved": "10.0.5",
        "contentHash": "9tNBmK3EpYVGRQLiqP+bqK2m+TD0Gv//4vCzR7ZOgl4FWzCFyOpYdIVka13M4kcBdPdSJcs3wbHr3rmzOqbIMA==",
        "dependencies": {
          "Microsoft.EntityFrameworkCore.Abstractions": "10.0.5",
          "Microsoft.EntityFrameworkCore.Analyzers": "10.0.5",
          "Microsoft.Extensions.Caching.Memory": "10.0.5",
          "Microsoft.Extensions.Logging": "10.0.5"
        }
      },
      "Microsoft.EntityFrameworkCore.Relational": {
        "type": "CentralTransitive",
        "requested": "[10.*, )",
        "resolved": "10.0.5",
        "contentHash": "uxmFjZEAB/KbsgWFSS4lLqkEHCfXxB2x0UcbiO4e5fCRpFFeTMSx/me6009nYJLu5IKlDwO1POh++P6RilFTDw==",
        "dependencies": {
          "Microsoft.EntityFrameworkCore": "10.0.5",
          "Microsoft.Extensions.Caching.Memory": "10.0.5",
          "Microsoft.Extensions.Configuration.Abstractions": "10.0.5",
          "Microsoft.Extensions.Logging": "10.0.5"
        }
      },
      "Microsoft.Extensions.Caching.Abstractions": {
        "type": "CentralTransitive",
        "requested": "[10.*, )",
        "resolved": "10.0.5",
        "contentHash": "k/QDdQ94/0Shi0KfU+e12m73jfQo+3JpErTtgpZfsCIqkvdEEO0XIx6R+iTbN55rNPaNhOqNY4/sB+jZ8XxVPw==",
        "dependencies": {
          "Microsoft.Extensions.Primitives": "10.0.5"
        }
      },
      "Microsoft.Extensions.Caching.Memory": {
        "type": "CentralTransitive",
        "requested": "[10.*, )",
        "resolved": "10.0.5",
        "contentHash": "jUEXmkBUPdOS/MP9areK/sbKhdklq9+tEhvwfxGalZVnmyLUO5rrheNNutUBtvbZ7J8ECkG7/r2KXi/IFC06cA==",
        "dependencies": {
          "Microsoft.Extensions.Caching.Abstractions": "10.0.5",
          "Microsoft.Extensions.DependencyInjection.Abstractions": "10.0.5",
          "Microsoft.Extensions.Logging.Abstractions": "10.0.5",
          "Microsoft.Extensions.Options": "10.0.5",
          "Microsoft.Extensions.Primitives": "10.0.5"
        }
      },
      "Microsoft.Extensions.Configuration.Binder": {
        "type": "CentralTransitive",
        "requested": "[10.*, )",
        "resolved": "10.0.5",
        "contentHash": "99Z4rjyXopb1MIazDSPcvwYCUdYNO01Cf1GUs2WUjIFAbkGmwzj2vPa2k+3pheJRV+YgNd2QqRKHAri0oBAU4Q==",
        "dependencies": {
          "Microsoft.Extensions.Configuration": "10.0.5",
          "Microsoft.Extensions.Configuration.Abstractions": "10.0.5"
        }
      },
      "Microsoft.Extensions.DependencyInjection.Abstractions": {
        "type": "CentralTransitive",
        "requested": "[10.*, )",
        "resolved": "10.0.5",
        "contentHash": "iVMtq9eRvzyhx8949EGT0OCYJfXi737SbRVzWXE5GrOgGj5AaZ9eUuxA/BSUfmOMALKn/g8KfFaNQw0eiB3lyA=="
      },
      "Microsoft.Extensions.Diagnostics.HealthChecks": {
        "type": "CentralTransitive",
        "requested": "[10.*, )",
        "resolved": "10.0.5",
        "contentHash": "REdt95QXHscGdtw/UUgyCW2lF9DJcAOJxmebKW2IkgUjuCAdMODIi2HNOWg5utW98nm8ekgV0Gjqs/sljwwqMw==",
        "dependencies": {
          "Microsoft.Extensions.Diagnostics.HealthChecks.Abstractions": "10.0.5",
          "Microsoft.Extensions.Hosting.Abstractions": "10.0.5",
          "Microsoft.Extensions.Logging.Abstractions": "10.0.5",
          "Microsoft.Extensions.Options": "10.0.5"
        }
      },
      "Microsoft.Extensions.Diagnostics.HealthChecks.EntityFrameworkCore": {
        "type": "CentralTransitive",
        "requested": "[10.*, )",
        "resolved": "10.0.5",
        "contentHash": "RtNhAwrnZcUZgi3SUMvaDVF405ZtKVR7l/6OHcqFj6JY5nT7QOdBxxULnby9dUQ6Jhnfl7cdDlMjsexfASNyjg==",
        "dependencies": {
          "Microsoft.EntityFrameworkCore.Relational": "10.0.5",
          "Microsoft.Extensions.Diagnostics.HealthChecks": "10.0.5",
          "Microsoft.Extensions.Diagnostics.HealthChecks.Abstractions": "10.0.5"
        }
      },
      "Microsoft.Extensions.Hosting.Abstractions": {
        "type": "CentralTransitive",
        "requested": "[10.*, )",
        "resolved": "10.0.5",
        "contentHash": "+Wb7KAMVZTomwJkQrjuPTe5KBzGod7N8XeG+ScxRlkPOB4sZLG4ccVwjV4Phk5BCJt7uIMnGHVoN6ZMVploX+g==",
        "dependencies": {
          "Microsoft.Extensions.Configuration.Abstractions": "10.0.5",
          "Microsoft.Extensions.DependencyInjection.Abstractions": "10.0.5",
          "Microsoft.Extensions.Diagnostics.Abstractions": "10.0.5",
          "Microsoft.Extensions.FileProviders.Abstractions": "10.0.5",
          "Microsoft.Extensions.Logging.Abstractions": "10.0.5"
        }
      },
      "Microsoft.Extensions.Http": {
        "type": "CentralTransitive",
        "requested": "[10.*, )",
        "resolved": "10.0.3",
        "contentHash": "M5gWob3dtzlF14oto1lR1ZuSJrR0gGc+obv7zY9LGmX5y3Ndpve29MrrjqJW/m4CFud4TE/KFUuHjjtwxhCO8g==",
        "dependencies": {
          "Microsoft.Extensions.Configuration.Abstractions": "10.0.3",
          "Microsoft.Extensions.DependencyInjection.Abstractions": "10.0.3",
          "Microsoft.Extensions.Diagnostics": "10.0.3",
          "Microsoft.Extensions.Logging": "10.0.3",
          "Microsoft.Extensions.Logging.Abstractions": "10.0.3",
          "Microsoft.Extensions.Options": "10.0.3"
        }
      },
      "Microsoft.Extensions.Http.Resilience": {
        "type": "CentralTransitive",
        "requested": "[10.*, )",
        "resolved": "10.3.0",
        "contentHash": "P4+s/eUH3dZdn1HnivSL2dh6/Jb0ndLt2l88oQPZ9BYdyb4tSRAsnz4QkJHGfPA9lS/XblI5QYsxEdfkurPvIg==",
        "dependencies": {
          "Microsoft.Extensions.Http.Diagnostics": "10.3.0",
          "Microsoft.Extensions.ObjectPool": "10.0.3",
          "Microsoft.Extensions.Resilience": "10.3.0"
        }
      },
      "Microsoft.Extensions.Localization": {
        "type": "CentralTransitive",
        "requested": "[10.*, )",
        "resolved": "10.0.5",
        "contentHash": "Co/URpVB1P1WbvswTumphjYZcvqTA2piSTLVOVtN6qLNrK6pg0OjZ/9SzigI+7NYGS2UpxVMydk/n45VvWZvOg==",
        "dependencies": {
          "Microsoft.Extensions.DependencyInjection.Abstractions": "10.0.5",
          "Microsoft.Extensions.Localization.Abstractions": "10.0.5",
          "Microsoft.Extensions.Logging.Abstractions": "10.0.5",
          "Microsoft.Extensions.Options": "10.0.5"
        }
      },
      "Microsoft.Extensions.Logging.Abstractions": {
        "type": "CentralTransitive",
        "requested": "[10.*, )",
        "resolved": "10.0.5",
        "contentHash": "9HOdqlDtPptVcmKAjsQ/Nr5Rxfq6FMYLdhvZh1lVmeKR738qeYecQD7+ldooXf+u2KzzR1kafSphWngIM3C6ug==",
        "dependencies": {
          "Microsoft.Extensions.DependencyInjection.Abstractions": "10.0.5"
        }
      },
      "Microsoft.Extensions.Options": {
        "type": "CentralTransitive",
        "requested": "[10.*, )",
        "resolved": "10.0.5",
        "contentHash": "MDaQMdUplw0AIRhWWmbLA7yQEXaLIHb+9CTroTiNS8OlI0LMXS4LCxtopqauiqGCWlRgJ+xyraVD8t6veRAFbw==",
        "dependencies": {
          "Microsoft.Extensions.DependencyInjection.Abstractions": "10.0.5",
          "Microsoft.Extensions.Primitives": "10.0.5"
        }
      },
      "Microsoft.Extensions.Options.ConfigurationExtensions": {
        "type": "CentralTransitive",
        "requested": "[10.*, )",
        "resolved": "10.0.5",
        "contentHash": "BB9uUW3+6Rxu1R97OB1H/13lUF8P2+H1+eDhpZlK30kDh/6E4EKHBUqTp+ilXQmZLzsRErxON8aBSR6WpUKJdg==",
        "dependencies": {
          "Microsoft.Extensions.Configuration.Abstractions": "10.0.5",
          "Microsoft.Extensions.Configuration.Binder": "10.0.5",
          "Microsoft.Extensions.DependencyInjection.Abstractions": "10.0.5",
          "Microsoft.Extensions.Options": "10.0.5",
          "Microsoft.Extensions.Primitives": "10.0.5"
        }
      },
      "OpenIddict": {
        "type": "CentralTransitive",
        "requested": "[7.*, )",
        "resolved": "7.4.0",
        "contentHash": "oum61BkFI5tEPZ96L23QE4kX51neQbTd2sbpHvgOTkCDc+r0oBI8VYwR3EBYrVdt3fqKvtCt8bKJVn73PBbtyQ==",
        "dependencies": {
          "OpenIddict.Abstractions": "7.4.0",
          "OpenIddict.Client": "7.4.0",
          "OpenIddict.Client.SystemIntegration": "7.4.0",
          "OpenIddict.Client.SystemNetHttp": "7.4.0",
          "OpenIddict.Client.WebIntegration": "7.4.0",
          "OpenIddict.Core": "7.4.0",
          "OpenIddict.Server": "7.4.0",
          "OpenIddict.Validation": "7.4.0",
          "OpenIddict.Validation.ServerIntegration": "7.4.0",
          "OpenIddict.Validation.SystemNetHttp": "7.4.0"
        }
      },
      "OpenIddict.EntityFrameworkCore": {
        "type": "CentralTransitive",
        "requested": "[7.*, )",
        "resolved": "7.4.0",
        "contentHash": "dXjiwpamjYRHlyIS1rZKS9kaP4kfnc/r/e/Lokvl9y7u62J7uYXRE06IQ37K7ytQn710YAj7G+NXPAchLzA4RQ==",
        "dependencies": {
          "Microsoft.EntityFrameworkCore.Relational": "10.0.3",
          "OpenIddict.Core": "7.4.0",
          "OpenIddict.EntityFrameworkCore.Models": "7.4.0"
        }
      },
      "OpenIddict.Server.AspNetCore": {
        "type": "CentralTransitive",
        "requested": "[7.*, )",
        "resolved": "7.4.0",
        "contentHash": "zqftzqo2j/+tf6rGZMbcTz9wUcXZNqwtG9G+hg5qUG0F8nsDyt6dC608pB6ikJtW0xO1p+OmP3q0UmpNMhsBug==",
        "dependencies": {
          "OpenIddict.Server": "7.4.0"
        }
      },
      "OpenIddict.Validation.AspNetCore": {
        "type": "CentralTransitive",
        "requested": "[7.*, )",
        "resolved": "7.4.0",
        "contentHash": "KQkDiHFUrTkCt6+kB51sVkTAlpia3Mz04lFFPvUL3nunro0aqysk4I5DhI7qjRyKIVrQGafjSVQcf+0V77t6ww==",
        "dependencies": {
          "OpenIddict.Validation": "7.4.0"
        }
      },
      "OpenIddict.Validation.SystemNetHttp": {
        "type": "CentralTransitive",
        "requested": "[7.*, )",
        "resolved": "7.4.0",
        "contentHash": "zBkL9kx6Z5PDnZjFUrkUnT/9jt2kjNVPoh9zw41BBkP8NKRPGjZk3y7av0qR51IgN1V+ZRQqmc1fQoK4qeOtjg==",
        "dependencies": {
          "Microsoft.Extensions.Http.Polly": "10.0.3",
          "Microsoft.Extensions.Http.Resilience": "10.3.0",
          "OpenIddict.Validation": "7.4.0"
        }
      },
      "OpenTelemetry.Api": {
        "type": "CentralTransitive",
        "requested": "[1.15.*, )",
        "resolved": "1.14.0",
        "contentHash": "foHci6viUw1f3gUB8qzz3Rk02xZIWMo299X0rxK0MoOWok/3dUVru+KKdY7WIoSHwRGpxGKkmAz9jIk2RFNbsQ=="
      },
      "Scalar.AspNetCore": {
        "type": "CentralTransitive",
        "requested": "[2.*, )",
        "resolved": "2.13.13",
        "contentHash": "QS94/CNp2thhykXwBaOHjDe8Zlexs8v0QOrdLfUvxS85uW84IhCf1zGiOnYZNNtVxunJvtsr7yPgEP36TXnJ3w=="
      },
      "SmartFormat": {
        "type": "CentralTransitive",
        "requested": "[3.*, )",
        "resolved": "3.6.1",
        "contentHash": "URa4c3DJcP8B+WNK3jd1AyuBAXmyRKEwTifzJOLeZ9Vud5PcQTGzBG5XkyhebD4tYj+VdyHwwjeBtgwJSIig9A==",
        "dependencies": {
          "ZString": "2.6.0"
        }
      },
      "ZiggyCreatures.FusionCache": {
        "type": "CentralTransitive",
        "requested": "[2.*, )",
        "resolved": "2.6.0",
        "contentHash": "BCe+/SkwQZfaMpq2ZGDZB2pyx6BdGnP+zxqjMM/5K+4PBuH6hljZeIqH4KVzQ26khSbPsQ7IiYZl0Fve4OZOog==",
        "dependencies": {
          "Microsoft.Extensions.Caching.Memory": "10.0.1"
        }
      },
      "ZiggyCreatures.FusionCache.OpenTelemetry": {
        "type": "CentralTransitive",
        "requested": "[2.*, )",
        "resolved": "2.6.0",
        "contentHash": "q917DogvL6Y9GamCLz6n/diC56sWUI3rvIuoZsqW7fyw7toWjcVDtSs/5mN8Weafbaj86RQSV5Q5Ysrm1ueJKQ==",
        "dependencies": {
          "OpenTelemetry.Api": "1.14.0",
          "ZiggyCreatures.FusionCache": "2.6.0"
        }
      },
      "ZiggyCreatures.FusionCache.Serialization.SystemTextJson": {
        "type": "CentralTransitive",
        "requested": "[2.*, )",
        "resolved": "2.6.0",
        "contentHash": "A00mNC7xrkC8LUAQMkeB3OtVTfGzyTyHxTgAOwfqaFdazO/54d3fT8LFoekpgSslkvDjKAIPlyafqsFBPLgQIw==",
        "dependencies": {
          "ZiggyCreatures.FusionCache": "2.6.0"
        }
      }
    }
  }
}