{
  "version": 2,
  "dependencies": {
    "net10.0": {
      "Microsoft.AspNetCore.Identity.EntityFrameworkCore": {
        "type": "Direct",
        "requested": "[10.*, )",
        "resolved": "10.0.5",
        "contentHash": "oo1uauTwgcnhYgituZ2nI3wJ8XN9z76ggu2zkOJu1BCfOOsqr+g08Kr4MOiMuXEhwySkpIV+MVoC25hC1288NA==",
        "dependencies": {
          "Microsoft.EntityFrameworkCore.Relational": "10.0.5"
        }
      },
      "Microsoft.CodeAnalysis.BannedApiAnalyzers": {
        "type": "Direct",
        "requested": "[3.*, )",
        "resolved": "3.3.4",
        "contentHash": "0k2Jwpc8eq0hjOtX6TxRkHm9clkJ2PAQ3heEHgqIJZcsfdFosC/iyz18nsgTVDDWpID80rC7aiYK7ripx+Qndg=="
      },
      "Microsoft.EntityFrameworkCore": {
        "type": "Direct",
        "requested": "[10.*, )",
        "resolved": "10.0.5",
        "contentHash": "9tNBmK3EpYVGRQLiqP+bqK2m+TD0Gv//4vCzR7ZOgl4FWzCFyOpYdIVka13M4kcBdPdSJcs3wbHr3rmzOqbIMA==",
        "dependencies": {
          "Microsoft.EntityFrameworkCore.Abstractions": "10.0.5",
          "Microsoft.EntityFrameworkCore.Analyzers": "10.0.5"
        }
      },
      "Microsoft.EntityFrameworkCore.Relational": {
        "type": "Direct",
        "requested": "[10.*, )",
        "resolved": "10.0.5",
        "contentHash": "uxmFjZEAB/KbsgWFSS4lLqkEHCfXxB2x0UcbiO4e5fCRpFFeTMSx/me6009nYJLu5IKlDwO1POh++P6RilFTDw==",
        "dependencies": {
          "Microsoft.EntityFrameworkCore": "10.0.5"
        }
      },
      "OpenIddict.EntityFrameworkCore": {
        "type": "Direct",
        "requested": "[6.*, )",
        "resolved": "6.4.0",
        "contentHash": "glyc+uEaJS9zZxzA/cyF2O4TJudgHLR2Qf2AGq1tNA8mBcQIa2DzKIEuP9rEQD+lofnR/V+cFsybGUyYMsra9Q==",
        "dependencies": {
          "Microsoft.EntityFrameworkCore.Relational": "9.0.6",
          "OpenIddict.Core": "6.4.0",
          "OpenIddict.EntityFrameworkCore.Models": "6.4.0"
        }
      },
      "Microsoft.EntityFrameworkCore.Abstractions": {
        "type": "Transitive",
        "resolved": "10.0.5",
        "contentHash": "32c58Rnm47Qvhimawf67KO9PytgPz3QoWye7Abapt0Yocw/JnzMiSNj/pRoIKyn8Jxypkv86zxKD4Q/zNTc0Ag=="
      },
      "Microsoft.EntityFrameworkCore.Analyzers": {
        "type": "Transitive",
        "resolved": "10.0.5",
        "contentHash": "ipC4u1VojgEfoIZhtbS2Sx5IluJTP/Jf1hz3yGsxGBgSukYY/CquI6rAjxn5H58CZgVn36qcuPPtNMwZ0AUzMg=="
      },
      "Microsoft.IdentityModel.Abstractions": {
        "type": "Transitive",
        "resolved": "8.12.0",
        "contentHash": "V7fHMFpfzvx7twWMV3jrf3OFVmYn3QhUYtvfMRD9yUPs9gxnQSaRMZh5NzCsnW3ZZ80J09EE7yyjM71y9JC6hQ=="
      },
      "Microsoft.IdentityModel.Logging": {
        "type": "Transitive",
        "resolved": "8.12.0",
        "contentHash": "IakwNWUTy5RlcDcKwtL5TyfDLZmA8FFnSDhfr+wfGGPMON9GkpkUY8NakIJjdy6mv6C1lM/Jkn3IuaeS9MXesA==",
        "dependencies": {
          "Microsoft.IdentityModel.Abstractions": "8.12.0"
        }
      },
      "Microsoft.IdentityModel.Tokens": {
        "type": "Transitive",
        "resolved": "8.12.0",
        "contentHash": "WCU3wv5sioX5hhp3oHw8sCdygnfZJtRKJGCg+AckP6nbp0QGKK3VohTrxIF0dpuziLAPg57CPfS9X8UERroKxA==",
        "dependencies": {
          "Microsoft.IdentityModel.Logging": "8.12.0"
        }
      },
      "OpenIddict.Abstractions": {
        "type": "Transitive",
        "resolved": "6.4.0",
        "contentHash": "sVhLvY4sZ3UFXudfc8A6gM45uyA9WwL8987ksf8zY4spVoADFH3cblkyj85OYF5fCQxRDxvOCvyeYfs7zTiaig==",
        "dependencies": {
          "Microsoft.IdentityModel.Tokens": "8.12.0"
        }
      },
      "OpenIddict.Core": {
        "type": "Transitive",
        "resolved": "6.4.0",
        "contentHash": "xAYq7U/j6JZAbVU88Xv6yXeKutJvNuGCH6zJAlP++abKtSfpP2mRLp2UbS0QS37S+SqRMLxp301DPNtkiRkuPA==",
        "dependencies": {
          "OpenIddict.Abstractions": "6.4.0"
        }
      },
      "OpenIddict.EntityFrameworkCore.Models": {
        "type": "Transitive",
        "resolved": "6.4.0",
        "contentHash": "5nyS+XmjoAA8MeyClHA+0EOHCHIDRV4sxDpDpK0RUqtDB4fxmRbKJCzocGHlE/o5iubd6hrKS9bCGZruTWw9oA=="
      },
      "granit.core": {
        "type": "Project"
      },
      "granit.eventbus": {
        "type": "Project",
        "dependencies": {
          "Granit.Core": "[0.1.0-dev, )"
        }
      },
      "granit.guids": {
        "type": "Project",
        "dependencies": {
          "Granit.Timing": "[0.1.0-dev, )"
        }
      },
      "granit.http.exceptionhandling": {
        "type": "Project",
        "dependencies": {
          "Granit.Core": "[0.1.0-dev, )"
        }
      },
      "granit.identity": {
        "type": "Project",
        "dependencies": {
          "Granit.Core": "[0.1.0-dev, )",
          "Granit.Querying": "[0.1.0-dev, )"
        }
      },
      "granit.multitenancy": {
        "type": "Project",
        "dependencies": {
          "Granit.Core": "[0.1.0-dev, )"
        }
      },
      "granit.openiddict": {
        "type": "Project",
        "dependencies": {
          "Granit.Core": "[0.1.0-dev, )",
          "Granit.EventBus": "[0.1.0-dev, )",
          "Granit.Guids": "[0.1.0-dev, )",
          "Granit.Identity": "[0.1.0-dev, )",
          "Granit.Querying": "[0.1.0-dev, )",
          "Granit.Security": "[0.1.0-dev, )",
          "Granit.Timing": "[0.1.0-dev, )"
        }
      },
      "granit.persistence": {
        "type": "Project",
        "dependencies": {
          "Granit.Guids": "[0.1.0-dev, )",
          "Granit.Http.ExceptionHandling": "[0.1.0-dev, )",
          "Granit.Security": "[0.1.0-dev, )",
          "Granit.Timing": "[0.1.0-dev, )",
          "Microsoft.EntityFrameworkCore": "[10.*, )",
          "Microsoft.EntityFrameworkCore.Relational": "[10.*, )",
          "Microsoft.Extensions.Diagnostics.HealthChecks.EntityFrameworkCore": "[10.*, )"
        }
      },
      "granit.querying": {
        "type": "Project",
        "dependencies": {
          "Granit.Core": "[0.1.0-dev, )"
        }
      },
      "granit.security": {
        "type": "Project",
        "dependencies": {
          "Granit.Core": "[0.1.0-dev, )"
        }
      },
      "granit.timing": {
        "type": "Project",
        "dependencies": {
          "Granit.Core": "[0.1.0-dev, )"
        }
      },
      "Microsoft.Extensions.Diagnostics.HealthChecks.EntityFrameworkCore": {
        "type": "CentralTransitive",
        "requested": "[10.*, )",
        "resolved": "10.0.5",
        "contentHash": "RtNhAwrnZcUZgi3SUMvaDVF405ZtKVR7l/6OHcqFj6JY5nT7QOdBxxULnby9dUQ6Jhnfl7cdDlMjsexfASNyjg==",
        "dependencies": {
          "Microsoft.EntityFrameworkCore.Relational": "10.0.5"
        }
      }
    }
  }
}