{
  "version": 2,
  "dependencies": {
    "net10.0": {
      "Microsoft.CodeAnalysis.BannedApiAnalyzers": {
        "type": "Direct",
        "requested": "[3.*, )",
        "resolved": "3.3.4",
        "contentHash": "0k2Jwpc8eq0hjOtX6TxRkHm9clkJ2PAQ3heEHgqIJZcsfdFosC/iyz18nsgTVDDWpID80rC7aiYK7ripx+Qndg=="
      },
      "Mjml.Net": {
        "type": "Direct",
        "requested": "[4.*, )",
        "resolved": "4.11.0",
        "contentHash": "DCKiojf/UOZ48d7Z6vD9gfXOlT81NMZqqpraDUQJZ1Ykcop/D8BmPhCYY6vWYI8rZbDd4Vepy0bb1EmoSvbEGA==",
        "dependencies": {
          "HtmlPerformanceKit": "1.0.0",
          "Microsoft.Extensions.ObjectPool": "9.0.0"
        }
      },
      "Roslynator.Analyzers": {
        "type": "Direct",
        "requested": "[4.15.*, )",
        "resolved": "4.15.0",
        "contentHash": "E8fu71Y+vzhniJKy1K13Rzwm8Vjcj7CDFBpflqncKUZfc3SzuF0kMBiyMmgXNPkjWTdE3Z+30HlGgYjHONZY/Q=="
      },
      "HtmlPerformanceKit": {
        "type": "Transitive",
        "resolved": "1.0.0",
        "contentHash": "BHePdNNOkAhDIzFh0LmrbRpmbp/2mSn4SyJggqeLmKSQJo++8mC9zFvzUo/cb/hkOwY0HYAFFWWauViVycHM9Q=="
      },
      "Microsoft.Extensions.ObjectPool": {
        "type": "Transitive",
        "resolved": "9.0.0",
        "contentHash": "UbsU/gYe4nv1DeqMXIVzDfNNek7Sk2kKuAOXL/Y+sLcAR0HwFUqzg1EPiU88jeHNe0g81aPvvHbvHarQr3r9IA=="
      },
      "Microsoft.Extensions.Primitives": {
        "type": "Transitive",
        "resolved": "10.0.9",
        "contentHash": "fmEbAUFsaIKirgLt/lYhuFRBwhcSJN31jjHgCdbQxJiWOum6EdLjkbgGuukSP9z/a+9LibaxII/kF+GwOXgC4g=="
      },
      "granit": {
        "type": "Project"
      },
      "granit.dataexchange.abstractions": {
        "type": "Project",
        "dependencies": {
          "Granit": "[0.1.0-dev, )"
        }
      },
      "granit.datalookup.abstractions": {
        "type": "Project",
        "dependencies": {
          "Granit": "[0.1.0-dev, )"
        }
      },
      "granit.queryengine.abstractions": {
        "type": "Project",
        "dependencies": {
          "Granit": "[0.1.0-dev, )",
          "Granit.DataLookup.Abstractions": "[0.1.0-dev, )"
        }
      },
      "granit.templating": {
        "type": "Project",
        "dependencies": {
          "Granit.DataExchange.Abstractions": "[0.1.0-dev, )",
          "Granit.DataLookup.Abstractions": "[0.1.0-dev, )",
          "Granit.QueryEngine.Abstractions": "[0.1.0-dev, )",
          "Granit.Timing": "[0.1.0-dev, )",
          "Granit.Workflow": "[0.1.0-dev, )"
        }
      },
      "granit.timing": {
        "type": "Project",
        "dependencies": {
          "Granit": "[0.1.0-dev, )",
          "Microsoft.Extensions.DependencyInjection.Abstractions": "[10.*, )",
          "Microsoft.Extensions.Options": "[10.*, )"
        }
      },
      "granit.workflow": {
        "type": "Project",
        "dependencies": {
          "Granit.DataExchange.Abstractions": "[0.1.0-dev, )",
          "Granit.QueryEngine.Abstractions": "[0.1.0-dev, )",
          "Granit.Timing": "[0.1.0-dev, )",
          "Granit.Workflow.Abstractions": "[0.1.0-dev, )",
          "Microsoft.Extensions.DependencyInjection.Abstractions": "[10.*, )"
        }
      },
      "granit.workflow.abstractions": {
        "type": "Project",
        "dependencies": {
          "Granit": "[0.1.0-dev, )"
        }
      },
      "Microsoft.Extensions.DependencyInjection.Abstractions": {
        "type": "CentralTransitive",
        "requested": "[10.*, )",
        "resolved": "10.0.9",
        "contentHash": "g41l/30G3K4B/d/L8kjux0+30e27c8D0FVQ/PFCpbekgfDpj9mnDhieP67EqXWvl1EWNeZh2rpR4F5B/jcDOHA=="
      },
      "Microsoft.Extensions.Options": {
        "type": "CentralTransitive",
        "requested": "[10.*, )",
        "resolved": "10.0.9",
        "contentHash": "hyNdX4c2UwkRkzb9byw0H2DQkRzwBM3mzY2sCM9egwzTyg8dvQJmp5noQHGEaaCORQrNK3DD2gREBsc2DlXS4A==",
        "dependencies": {
          "Microsoft.Extensions.DependencyInjection.Abstractions": "10.0.9",
          "Microsoft.Extensions.Primitives": "10.0.9"
        }
      }
    }
  }
}