{
  "version": 2,
  "dependencies": {
    "net10.0": {
      "Google.Cloud.Kms.V1": {
        "type": "Direct",
        "requested": "[3.*, )",
        "resolved": "3.24.0",
        "contentHash": "ZKiL+HWnCM49uiUxnotE2M83LXGSBDEDzeA7tWBxQ6HugSb4th/KvlmSfebhwecJ6BgzF9zS2a1DPBteiC77YQ==",
        "dependencies": {
          "Google.Api.Gax.Grpc": "[4.13.1, 5.0.0)",
          "Google.Cloud.Iam.V1": "[3.5.0, 4.0.0)",
          "Google.Cloud.Location": "[2.4.0, 3.0.0)",
          "Google.LongRunning": "[3.5.0, 4.0.0)"
        }
      },
      "Google.Cloud.SecretManager.V1": {
        "type": "Direct",
        "requested": "[2.*, )",
        "resolved": "2.7.0",
        "contentHash": "5Ol6+VCNOI1X7T3WthLB0Y5YyHRKFRycG93QOLU1m9xqrbgXGftwzwzsRiPUWGsWJgVCnYobQiqw2VYYPWyC9w==",
        "dependencies": {
          "Google.Api.Gax.Grpc": "[4.12.1, 5.0.0)",
          "Google.Cloud.Iam.V1": "[3.5.0, 4.0.0)",
          "Google.Cloud.Location": "[2.4.0, 3.0.0)"
        }
      },
      "Microsoft.CodeAnalysis.BannedApiAnalyzers": {
        "type": "Direct",
        "requested": "[3.*, )",
        "resolved": "3.3.4",
        "contentHash": "0k2Jwpc8eq0hjOtX6TxRkHm9clkJ2PAQ3heEHgqIJZcsfdFosC/iyz18nsgTVDDWpID80rC7aiYK7ripx+Qndg=="
      },
      "Microsoft.Extensions.DependencyInjection.Abstractions": {
        "type": "Direct",
        "requested": "[10.*, )",
        "resolved": "10.0.6",
        "contentHash": "w+dX4SIr1X9yegX2yX2dU1XtP4JAUVNdvOG/Evn+H+ndn96YzfIPX52FALXChrRNWFR9l77FQyg1mB7WQo6iOA=="
      },
      "Microsoft.Extensions.Diagnostics.HealthChecks": {
        "type": "Direct",
        "requested": "[10.*, )",
        "resolved": "10.0.6",
        "contentHash": "G6AVN2vs66Gu8IkB2FwsVJRpIkkTmPJ+NmAUH7+N+VGGI6qK38OXMZLipjCaOYdj2DW6ge2IIXdwZjhNJefD0w==",
        "dependencies": {
          "Microsoft.Extensions.Diagnostics.HealthChecks.Abstractions": "10.0.6",
          "Microsoft.Extensions.Hosting.Abstractions": "10.0.6",
          "Microsoft.Extensions.Logging.Abstractions": "10.0.6",
          "Microsoft.Extensions.Options": "10.0.6"
        }
      },
      "Microsoft.Extensions.Hosting.Abstractions": {
        "type": "Direct",
        "requested": "[10.*, )",
        "resolved": "10.0.6",
        "contentHash": "x3C8tgsX+xWvV5u76LFm24/U7sSnCRjuudBkbFsMV/DIqCA85te7YGg6dpa7lBToDhi4Lry9E7Arpy0laUw5AQ==",
        "dependencies": {
          "Microsoft.Extensions.Configuration.Abstractions": "10.0.6",
          "Microsoft.Extensions.DependencyInjection.Abstractions": "10.0.6",
          "Microsoft.Extensions.Diagnostics.Abstractions": "10.0.6",
          "Microsoft.Extensions.FileProviders.Abstractions": "10.0.6",
          "Microsoft.Extensions.Logging.Abstractions": "10.0.6"
        }
      },
      "Microsoft.Extensions.Logging.Abstractions": {
        "type": "Direct",
        "requested": "[10.*, )",
        "resolved": "10.0.6",
        "contentHash": "1YgBO3wAy0dlpQyVTKWBSPND/t0yZHsvd3shGpbeEwH8JSb2hnFI2pNFrOOUi/stsp+T/dqwqmRIGh47ibo9bw==",
        "dependencies": {
          "Microsoft.Extensions.DependencyInjection.Abstractions": "10.0.6"
        }
      },
      "Microsoft.Extensions.Options": {
        "type": "Direct",
        "requested": "[10.*, )",
        "resolved": "10.0.6",
        "contentHash": "v5RTWm+3Gdub21ADJeRG5bunOOxutFNBZk6qGH6Az4L5nyRZoLe3Kse7jfAyUcdEoiKp72XpNw/wGR+9wP+MtQ==",
        "dependencies": {
          "Microsoft.Extensions.DependencyInjection.Abstractions": "10.0.6",
          "Microsoft.Extensions.Primitives": "10.0.6"
        }
      },
      "Microsoft.Extensions.Options.ConfigurationExtensions": {
        "type": "Direct",
        "requested": "[10.*, )",
        "resolved": "10.0.6",
        "contentHash": "O7xt1vYMxku2+/WpFkh6X8RzUtYbKR+XCt0KOO0W9TbRbFeQdfb9Nry/CdVq57kOyOKS3Z4qD1xqV/8LpJQ0Xw==",
        "dependencies": {
          "Microsoft.Extensions.Configuration.Abstractions": "10.0.6",
          "Microsoft.Extensions.Configuration.Binder": "10.0.6",
          "Microsoft.Extensions.DependencyInjection.Abstractions": "10.0.6",
          "Microsoft.Extensions.Options": "10.0.6",
          "Microsoft.Extensions.Primitives": "10.0.6"
        }
      },
      "Google.Api.CommonProtos": {
        "type": "Transitive",
        "resolved": "2.17.0",
        "contentHash": "elfQPknFr495hm7vdy6ZlgyQh6yzZq9TU7sS35L/Fj/fqjM/mUGau9gVJLhvQEtUlPjtR80hpn/m9HvBMyCXIw==",
        "dependencies": {
          "Google.Protobuf": "[3.31.1, 4.0.0]"
        }
      },
      "Google.Api.Gax": {
        "type": "Transitive",
        "resolved": "4.13.1",
        "contentHash": "ujDpZk7O2VqAEIqcSlhH0FKzVpGZWly/qcNjHxpNUrL445Tei9PHnu4V1pwW2WDiMDvo3TpL1Bi4DeU525Afrg==",
        "dependencies": {
          "Microsoft.Bcl.AsyncInterfaces": "6.0.0",
          "Newtonsoft.Json": "13.0.4"
        }
      },
      "Google.Api.Gax.Grpc": {
        "type": "Transitive",
        "resolved": "4.13.1",
        "contentHash": "QgYF0bd8z6xWSVLGkGAMPB70seJSa9J02lFn8LT0Rb7PjSxZYpX+wU6LbVmghxDi6Wd64taulpX37pFq20J61g==",
        "dependencies": {
          "Google.Api.CommonProtos": "2.17.0",
          "Google.Api.Gax": "4.13.1",
          "Google.Apis.Auth": "1.73.0",
          "Grpc.Auth": "[2.71.0, 3.0.0)",
          "Grpc.Core.Api": "[2.71.0, 3.0.0)",
          "Grpc.Net.Client": "[2.71.0, 3.0.0)",
          "Microsoft.Extensions.DependencyInjection.Abstractions": "6.0.0"
        }
      },
      "Google.Apis": {
        "type": "Transitive",
        "resolved": "1.73.0",
        "contentHash": "TnCjEyV2aCLQ6Zl40OCbEJULDuEkEWc6C/g81KYw5l1PqGo+G7pFZrV+YH8XgUL0JRUanz+IrUp8SsKF4dzkqg==",
        "dependencies": {
          "Google.Apis.Core": "1.73.0"
        }
      },
      "Google.Apis.Auth": {
        "type": "Transitive",
        "resolved": "1.73.0",
        "contentHash": "wEu12uhnRv3zrPBSqv4E2vPH6lYLtc1RPAnU9MJRCMFlBVwZ7Lnq3NfbYXi6VG7EurkYInTaMpeBZkbM/HrAog==",
        "dependencies": {
          "Google.Apis": "1.73.0",
          "Google.Apis.Core": "1.73.0",
          "System.Management": "7.0.2"
        }
      },
      "Google.Apis.Core": {
        "type": "Transitive",
        "resolved": "1.73.0",
        "contentHash": "vSc7CY4KCP7HE4QTElDx/ExnGLbg9kXb89MS6cdvI+0D4sxvTYb16vGtXmF2jSDMV3iDmykSXdIUPTz8TDS6gg==",
        "dependencies": {
          "Newtonsoft.Json": "13.0.4"
        }
      },
      "Google.Cloud.Iam.V1": {
        "type": "Transitive",
        "resolved": "3.5.0",
        "contentHash": "CTLBAQ7WxsLoA4lovpvhF4MRUJH64smrIjuD/0jDrLs6zpbpf+f8Ur8ekRKv67kwlpN6Ug0q7EuT2csWDEczlQ==",
        "dependencies": {
          "Google.Api.Gax.Grpc": "[4.12.1, 5.0.0)"
        }
      },
      "Google.Cloud.Location": {
        "type": "Transitive",
        "resolved": "2.4.0",
        "contentHash": "ZFChsp6OYVPBAzpoEWFMf/W9lfOgPj5BY+75/VjGV6EoirhA3YNlSKta3fX2MPaWH6RqJ9ZtNJT4vmdxhxbkbQ==",
        "dependencies": {
          "Google.Api.Gax.Grpc": "[4.12.1, 5.0.0)"
        }
      },
      "Google.LongRunning": {
        "type": "Transitive",
        "resolved": "3.5.0",
        "contentHash": "W8xO6FA+rG8WjKOsyIjTKjeKLcyCrjBBYeEdZ4QBkKQcxmRczbrfKhKQmdorb2V35CqXeeTbue5Na6Zkgyv8ow==",
        "dependencies": {
          "Google.Api.Gax.Grpc": "[4.12.1, 5.0.0)"
        }
      },
      "Google.Protobuf": {
        "type": "Transitive",
        "resolved": "3.31.1",
        "contentHash": "gSnJbUmGiOTdWddPhqzrEscHq9Ls6sqRDPB9WptckyjTUyx70JOOAaDLkFff8gManZNN3hllQ4aQInnQyq/Z/A=="
      },
      "Grpc.Auth": {
        "type": "Transitive",
        "resolved": "2.71.0",
        "contentHash": "t2aGh/pMgqmc3GimtYfC7VcgVY/VSbk6SLH+61wewsgK45tzxxD9nYYItT5bpLn7fbebirmHXfgJcVKIArd0cg==",
        "dependencies": {
          "Google.Apis.Auth": "1.69.0",
          "Grpc.Core.Api": "2.71.0"
        }
      },
      "Grpc.Core.Api": {
        "type": "Transitive",
        "resolved": "2.71.0",
        "contentHash": "QquqUC37yxsDzd1QaDRsH2+uuznWPTS8CVE2Yzwl3CvU4geTNkolQXoVN812M2IwT6zpv3jsZRc9ExJFNFslTg=="
      },
      "Grpc.Net.Client": {
        "type": "Transitive",
        "resolved": "2.71.0",
        "contentHash": "U1vr20r5ngoT9nlb7wejF28EKN+taMhJsV9XtK9MkiepTZwnKxxiarriiMfCHuDAfPUm9XUjFMn/RIuJ4YY61w==",
        "dependencies": {
          "Grpc.Net.Common": "2.71.0",
          "Microsoft.Extensions.Logging.Abstractions": "6.0.0"
        }
      },
      "Grpc.Net.Common": {
        "type": "Transitive",
        "resolved": "2.71.0",
        "contentHash": "v0c8R97TwRYwNXlC8GyRXwYTCNufpDfUtj9la+wUrZFzVWkFJuNAltU+c0yI3zu0jl54k7en6u2WKgZgd57r2Q==",
        "dependencies": {
          "Grpc.Core.Api": "2.71.0"
        }
      },
      "Microsoft.Bcl.AsyncInterfaces": {
        "type": "Transitive",
        "resolved": "6.0.0",
        "contentHash": "UcSjPsst+DfAdJGVDsu346FX0ci0ah+lw3WRtn18NUwEqRt70HaOQ7lI72vy3+1LxtqI3T5GWwV39rQSrCzAeg=="
      },
      "Microsoft.Extensions.Configuration": {
        "type": "Transitive",
        "resolved": "10.0.6",
        "contentHash": "lYQ9S1FGXIWIU7243RimdAXQYsFDeLhSSZvbSDwbeI/kCzZ4MIYXpp3kMQ+bDJXwl9pzMRIYkd4f9zGqcYxfAQ==",
        "dependencies": {
          "Microsoft.Extensions.Configuration.Abstractions": "10.0.6",
          "Microsoft.Extensions.Primitives": "10.0.6"
        }
      },
      "Microsoft.Extensions.Configuration.Abstractions": {
        "type": "Transitive",
        "resolved": "10.0.6",
        "contentHash": "a7bA7IT3ngIgcOMb/2MVH5CcfSxUCeQ6QXWS1Vt6oFpzLTH3U1+J2Xtc64Uw3whX9akYG8eR/UQeEzxo64zZLg==",
        "dependencies": {
          "Microsoft.Extensions.Primitives": "10.0.6"
        }
      },
      "Microsoft.Extensions.Diagnostics.Abstractions": {
        "type": "Transitive",
        "resolved": "10.0.6",
        "contentHash": "L98Xe5C+xyKytLNLiEyQ0rcY8GNXAeAn1xKsE0YDxPx/mXBYYtRoj8pC2cnbSFQUlOzBkyO90ivMSV22SRETFg==",
        "dependencies": {
          "Microsoft.Extensions.DependencyInjection.Abstractions": "10.0.6",
          "Microsoft.Extensions.Options": "10.0.6"
        }
      },
      "Microsoft.Extensions.Diagnostics.HealthChecks.Abstractions": {
        "type": "Transitive",
        "resolved": "10.0.6",
        "contentHash": "ChhUF6HVSz9DwBgTyHtWbGzH8kWMbEFS7gqrqBnZQhHJFFK7L1k5BX7UCiIHiCap5HEDS6bZYks79JK4c+H0GQ=="
      },
      "Microsoft.Extensions.FileProviders.Abstractions": {
        "type": "Transitive",
        "resolved": "10.0.6",
        "contentHash": "iU/lPyrjHVA4jJ7Bl/VpXvgsAD4qJWc4oPSVJjMBeZjmv7IIo8wBKxnOUoXdZcSCUJ6MeBMs3WpXNfncO7OzRg==",
        "dependencies": {
          "Microsoft.Extensions.Primitives": "10.0.6"
        }
      },
      "Microsoft.Extensions.Primitives": {
        "type": "Transitive",
        "resolved": "10.0.6",
        "contentHash": "L8P21mqaG+CXvPheLndean/cHCOcItJqH8nx+0YQnK7wAiOR0G1IOC418ZSzTMD2D6Gmo0f2M5WR70XtpX2B8g=="
      },
      "Newtonsoft.Json": {
        "type": "Transitive",
        "resolved": "13.0.4",
        "contentHash": "pdgNNMai3zv51W5aq268sujXUyx7SNdE2bj1wZcWjAQrKMFZV260lbqYop1d2GM67JI1huLRwxo9ZqnfF/lC6A=="
      },
      "System.CodeDom": {
        "type": "Transitive",
        "resolved": "7.0.0",
        "contentHash": "GLltyqEsE5/3IE+zYRP5sNa1l44qKl9v+bfdMcwg+M9qnQf47wK3H0SUR/T+3N4JEQXF3vV4CSuuo0rsg+nq2A=="
      },
      "System.Management": {
        "type": "Transitive",
        "resolved": "7.0.2",
        "contentHash": "/qEUN91mP/MUQmJnM5y5BdT7ZoPuVrtxnFlbJ8a3kBJGhe2wCzBfnPFtK2wTtEEcf3DMGR9J00GZZfg6HRI6yA==",
        "dependencies": {
          "System.CodeDom": "7.0.0"
        }
      },
      "granit": {
        "type": "Project"
      },
      "granit.encryption": {
        "type": "Project",
        "dependencies": {
          "Granit": "[0.1.0-dev, )",
          "Microsoft.Extensions.DependencyInjection.Abstractions": "[10.*, )",
          "Microsoft.Extensions.Options": "[10.*, )",
          "Microsoft.Extensions.Options.ConfigurationExtensions": "[10.*, )"
        }
      },
      "granit.vault": {
        "type": "Project",
        "dependencies": {
          "Granit.Encryption": "[0.1.0-dev, )",
          "Microsoft.Extensions.DependencyInjection.Abstractions": "[10.*, )"
        }
      },
      "Microsoft.Extensions.Configuration.Binder": {
        "type": "CentralTransitive",
        "requested": "[10.*, )",
        "resolved": "10.0.6",
        "contentHash": "h22Fm4VxRmr4ty9rxJaW0i51xD56Bl5QhQ2hsGY2vl+6FioWmBhkpg3B78XQaK25N+hE41gZLZuYKGQS+OGbdw==",
        "dependencies": {
          "Microsoft.Extensions.Configuration": "10.0.6",
          "Microsoft.Extensions.Configuration.Abstractions": "10.0.6"
        }
      }
    }
  }
}