{
  "version": 2,
  "dependencies": {
    "net10.0": {
      "Microsoft.CodeAnalysis.BannedApiAnalyzers": {
        "type": "Direct",
        "requested": "[3.*, )",
        "resolved": "3.3.4",
        "contentHash": "0k2Jwpc8eq0hjOtX6TxRkHm9clkJ2PAQ3heEHgqIJZcsfdFosC/iyz18nsgTVDDWpID80rC7aiYK7ripx+Qndg=="
      },
      "Roslynator.Analyzers": {
        "type": "Direct",
        "requested": "[4.15.*, )",
        "resolved": "4.15.0",
        "contentHash": "E8fu71Y+vzhniJKy1K13Rzwm8Vjcj7CDFBpflqncKUZfc3SzuF0kMBiyMmgXNPkjWTdE3Z+30HlGgYjHONZY/Q=="
      },
      "Asp.Versioning.Abstractions": {
        "type": "Transitive",
        "resolved": "10.0.0",
        "contentHash": "cMRE5nvNMfBgfkb0XFWst/7UtyXCjoAXnV0L4Scx4P9fcf0idgrj1Z0c+3ylsy01K4cOib7dKhCBfpg5z3r0Kg=="
      },
      "Asp.Versioning.Http": {
        "type": "Transitive",
        "resolved": "10.0.0",
        "contentHash": "xmNm9FM2d20NKy7i1osEQysf7pJ4iJjWnM6e8CoeIhUREqG8nugsfC82pGpmzlatjAJL5T52ieSpyW+GFdSsSQ==",
        "dependencies": {
          "Asp.Versioning.Abstractions": "10.0.0"
        }
      },
      "Microsoft.Extensions.AmbientMetadata.Application": {
        "type": "Transitive",
        "resolved": "10.7.0",
        "contentHash": "yZ0818pVYQvUFW/1m+f8A1+lIAeSeQxEOdUCMIC+tqcRRKlqNjKPRKvGHPp8xLRbZBLaHfBtDslJa/sofn7J/Q=="
      },
      "Microsoft.Extensions.Compliance.Abstractions": {
        "type": "Transitive",
        "resolved": "10.7.0",
        "contentHash": "qbi6lg6dyvydBvpjXeBx3wLPvmgXWn3nwkKBOsgEck6w++BEsBcv8YhdcczME16Oq+a6wkdtna9/qCEkxsNw5A=="
      },
      "Microsoft.Extensions.DependencyInjection.AutoActivation": {
        "type": "Transitive",
        "resolved": "10.7.0",
        "contentHash": "WrSK0FGHSjSY4Pg4kd9Du8CUDwrgFTwHH1Y+N7sjyT6RFMU+G3coQ/Uq9PMGdQcy+DVKSMGHjfmWY47ZoYvhNA=="
      },
      "Microsoft.Extensions.Diagnostics.ExceptionSummarization": {
        "type": "Transitive",
        "resolved": "10.7.0",
        "contentHash": "Kc4XbbxtCzvn2P/fKF48xLWPbp3N5DV0MkJlgPJHEb47PUqCJ6kEl/JTKfpmP7QLuwYjx2QxKTdtwXfpjgA6KQ=="
      },
      "Microsoft.Extensions.Http.Diagnostics": {
        "type": "Transitive",
        "resolved": "10.7.0",
        "contentHash": "1m1zdBGW5J8MOxdZpJ5mUqdSaamRrYkpmfnEfeDmlZnglpfgDztcKOBU6cVsmn90AB7Ji2w8USvEsJ8PahbBWQ==",
        "dependencies": {
          "Microsoft.Extensions.Telemetry": "10.7.0"
        }
      },
      "Microsoft.Extensions.Resilience": {
        "type": "Transitive",
        "resolved": "10.7.0",
        "contentHash": "ldUrtRzWSnfe5945xoSxDXxoWXnIKn19E74Huieyp76XW/BjRk3bhkILSSib1NKdZ2lpi/ReTvOpNGcJ8hkOxw==",
        "dependencies": {
          "Microsoft.Extensions.Diagnostics.ExceptionSummarization": "10.7.0",
          "Microsoft.Extensions.Telemetry.Abstractions": "10.7.0",
          "Polly.Extensions": "8.4.2",
          "Polly.RateLimiting": "8.4.2"
        }
      },
      "Microsoft.Extensions.Telemetry": {
        "type": "Transitive",
        "resolved": "10.7.0",
        "contentHash": "vZFNVvkz+7IABEv4klzPX/ZdmZQ6TrcReKUfeYIrQ2bbnvEcgZtG1RmOGeWkc1hFg8cq9sAgUc2lHCqlXSqf5A==",
        "dependencies": {
          "Microsoft.Extensions.AmbientMetadata.Application": "10.7.0",
          "Microsoft.Extensions.DependencyInjection.AutoActivation": "10.7.0",
          "Microsoft.Extensions.Telemetry.Abstractions": "10.7.0"
        }
      },
      "Microsoft.Extensions.Telemetry.Abstractions": {
        "type": "Transitive",
        "resolved": "10.7.0",
        "contentHash": "ir1QKShZzfEmqO9LUWESVMUDZdnxYBSKQyulYPMeaye531lAuT8YTotthx+htrrS8hZY52HANeqowLQyCYBCZg==",
        "dependencies": {
          "Microsoft.Extensions.Compliance.Abstractions": "10.7.0"
        }
      },
      "Polly.Core": {
        "type": "Transitive",
        "resolved": "8.4.2",
        "contentHash": "BpE2I6HBYYA5tF0Vn4eoQOGYTYIK1BlF5EXVgkWGn3mqUUjbXAr13J6fZVbp7Q3epRR8yshacBMlsHMhpOiV3g=="
      },
      "Polly.Extensions": {
        "type": "Transitive",
        "resolved": "8.4.2",
        "contentHash": "GZ9vRVmR0jV2JtZavt+pGUsQ1O1cuRKG7R7VOZI6ZDy9y6RNPvRvXK1tuS4ffUrv8L0FTea59oEuQzgS0R7zSA==",
        "dependencies": {
          "Polly.Core": "8.4.2"
        }
      },
      "Polly.RateLimiting": {
        "type": "Transitive",
        "resolved": "8.4.2",
        "contentHash": "ehTImQ/eUyO07VYW2WvwSmU9rRH200SKJ/3jku9rOkyWE0A2JxNFmAVms8dSn49QLSjmjFRRSgfNyOgr/2PSmA==",
        "dependencies": {
          "Polly.Core": "8.4.2"
        }
      },
      "ZString": {
        "type": "Transitive",
        "resolved": "2.6.0",
        "contentHash": "XE8a+11nZg0LRaf+RGABEWaHIf8yGd5w8v/Ra1iWxMBmAVzwuKbW7G21mS0U7w7sh1lYcgckInWGgnz4qyET8A=="
      },
      "granit": {
        "type": "Project"
      },
      "granit.auditing": {
        "type": "Project",
        "dependencies": {
          "Granit": "[0.1.0-dev, )",
          "Granit.Auditing.Abstractions": "[0.1.0-dev, )",
          "Granit.DataExchange.Abstractions": "[0.1.0-dev, )",
          "Granit.Guids": "[0.1.0-dev, )",
          "Granit.QueryEngine.Abstractions": "[0.1.0-dev, )",
          "Granit.Timing": "[0.1.0-dev, )"
        }
      },
      "granit.auditing.abstractions": {
        "type": "Project",
        "dependencies": {
          "Granit": "[0.1.0-dev, )",
          "Granit.QueryEngine.Abstractions": "[0.1.0-dev, )"
        }
      },
      "granit.bff": {
        "type": "Project",
        "dependencies": {
          "Granit": "[0.1.0-dev, )",
          "Granit.Caching": "[0.1.0-dev, )",
          "Granit.Http.Resilience": "[0.1.0-dev, )",
          "Granit.Oidc": "[0.1.0-dev, )",
          "Granit.Timing": "[0.1.0-dev, )"
        }
      },
      "granit.caching": {
        "type": "Project",
        "dependencies": {
          "Granit": "[0.1.0-dev, )",
          "Granit.Timing": "[0.1.0-dev, )",
          "OpenTelemetry.Api": "[1.16.*, )",
          "ZiggyCreatures.FusionCache": "[2.*, )",
          "ZiggyCreatures.FusionCache.OpenTelemetry": "[2.*, )",
          "ZiggyCreatures.FusionCache.Serialization.SystemTextJson": "[2.*, )"
        }
      },
      "granit.dataexchange.abstractions": {
        "type": "Project",
        "dependencies": {
          "Granit": "[0.1.0-dev, )"
        }
      },
      "granit.datalookup.abstractions": {
        "type": "Project",
        "dependencies": {
          "Granit": "[0.1.0-dev, )"
        }
      },
      "granit.guids": {
        "type": "Project",
        "dependencies": {
          "Granit.Timing": "[0.1.0-dev, )"
        }
      },
      "granit.http.apidocumentation": {
        "type": "Project",
        "dependencies": {
          "Granit.Http.ApiVersioning": "[0.1.0-dev, )",
          "Granit.Http.SecurityHeaders.Abstractions": "[0.1.0-dev, )",
          "Microsoft.AspNetCore.OpenApi": "[10.*, )",
          "Microsoft.OpenApi": "[2.7.5, )",
          "Scalar.AspNetCore": "[2.*, )"
        }
      },
      "granit.http.apiversioning": {
        "type": "Project",
        "dependencies": {
          "Asp.Versioning.Mvc": "[10.*, )",
          "Asp.Versioning.Mvc.ApiExplorer": "[10.*, )",
          "Granit": "[0.1.0-dev, )"
        }
      },
      "granit.http.cookies": {
        "type": "Project",
        "dependencies": {
          "Granit": "[0.1.0-dev, )"
        }
      },
      "granit.http.exceptionhandling": {
        "type": "Project",
        "dependencies": {
          "Granit": "[0.1.0-dev, )"
        }
      },
      "granit.http.resilience": {
        "type": "Project",
        "dependencies": {
          "Granit": "[0.1.0-dev, )",
          "Microsoft.Extensions.Http.Resilience": "[10.*, )"
        }
      },
      "granit.http.securityheaders.abstractions": {
        "type": "Project"
      },
      "granit.identity.abstractions": {
        "type": "Project",
        "dependencies": {
          "Granit": "[0.1.0-dev, )",
          "Granit.IpGeolocation.Abstractions": "[0.1.0-dev, )"
        }
      },
      "granit.ipgeolocation": {
        "type": "Project",
        "dependencies": {
          "Granit": "[0.1.0-dev, )",
          "Granit.Caching": "[0.1.0-dev, )",
          "Granit.IpGeolocation.Abstractions": "[0.1.0-dev, )"
        }
      },
      "granit.ipgeolocation.abstractions": {
        "type": "Project",
        "dependencies": {
          "Granit": "[0.1.0-dev, )"
        }
      },
      "granit.localization": {
        "type": "Project",
        "dependencies": {
          "Granit": "[0.1.0-dev, )",
          "Granit.Caching": "[0.1.0-dev, )",
          "Granit.DataExchange.Abstractions": "[0.1.0-dev, )",
          "Granit.QueryEngine.Abstractions": "[0.1.0-dev, )",
          "SmartFormat": "[3.*, )"
        }
      },
      "granit.oidc": {
        "type": "Project",
        "dependencies": {
          "Granit": "[0.1.0-dev, )",
          "Granit.Caching": "[0.1.0-dev, )",
          "Granit.Timing": "[0.1.0-dev, )"
        }
      },
      "granit.queryengine.abstractions": {
        "type": "Project",
        "dependencies": {
          "Granit": "[0.1.0-dev, )",
          "Granit.DataLookup.Abstractions": "[0.1.0-dev, )"
        }
      },
      "granit.timing": {
        "type": "Project",
        "dependencies": {
          "Granit": "[0.1.0-dev, )"
        }
      },
      "granit.validation": {
        "type": "Project",
        "dependencies": {
          "FluentValidation": "[12.*, )",
          "FluentValidation.DependencyInjectionExtensions": "[12.*, )",
          "Granit.Http.ExceptionHandling": "[0.1.0-dev, )",
          "Granit.Localization": "[0.1.0-dev, )",
          "Microsoft.AspNetCore.OpenApi": "[10.*, )",
          "Microsoft.OpenApi": "[2.7.5, )"
        }
      },
      "Asp.Versioning.Mvc": {
        "type": "CentralTransitive",
        "requested": "[10.*, )",
        "resolved": "10.0.0",
        "contentHash": "W0wZ+0uZ0UK4KstjvEkNBZ0xxhBmxunwNg8582SVyyW7txQmSXibtm8fC4o82LaemPquYskms67bIbJOSrnlug==",
        "dependencies": {
          "Asp.Versioning.Http": "10.0.0"
        }
      },
      "Asp.Versioning.Mvc.ApiExplorer": {
        "type": "CentralTransitive",
        "requested": "[10.*, )",
        "resolved": "10.0.0",
        "contentHash": "H54UOpRoc4RmhQ4RA2lzDz43a/hAu/JN19Yyy/DNmH4XlRxhemfhifJyh9BaXNJOtGa2Dnu2xEeP4VSiTdUdAg==",
        "dependencies": {
          "Asp.Versioning.Mvc": "10.0.0"
        }
      },
      "FluentValidation": {
        "type": "CentralTransitive",
        "requested": "[12.*, )",
        "resolved": "12.1.1",
        "contentHash": "EPpkIe1yh1a0OXyC100oOA8WMbZvqUu5plwhvYcb7oSELfyUZzfxV48BLhvs3kKo4NwG7MGLNgy1RJiYtT8Dpw=="
      },
      "FluentValidation.DependencyInjectionExtensions": {
        "type": "CentralTransitive",
        "requested": "[12.*, )",
        "resolved": "12.1.1",
        "contentHash": "D0VXh4dtjjX2aQizuaa0g6R8X3U1JaVqJPfGCvLwZX9t/O2h7tkpbitbadQMfwcgSPdDbI2vDxuwRMv/Uf9dHA==",
        "dependencies": {
          "FluentValidation": "12.1.1"
        }
      },
      "Microsoft.AspNetCore.OpenApi": {
        "type": "CentralTransitive",
        "requested": "[10.*, )",
        "resolved": "10.0.9",
        "contentHash": "1ihb8FO9cGgEK1/m3CTtT/SfnynwmiZib0W2pcDVj3KSWk/Sca4VOXEtaptKQc582zpFrzTFiwkGRCglt6H+WQ==",
        "dependencies": {
          "Microsoft.OpenApi": "2.0.0"
        }
      },
      "Microsoft.Extensions.Http.Resilience": {
        "type": "CentralTransitive",
        "requested": "[10.*, )",
        "resolved": "10.7.0",
        "contentHash": "3Lip0MkBVPtqU1wCM2M2Y8CzsqxA1BanVNMV9LQYMTwBgy25NDe6U9nSk6SfmsxXlh77iwSQuPsyjt5mxrOGmQ==",
        "dependencies": {
          "Microsoft.Extensions.Http.Diagnostics": "10.7.0",
          "Microsoft.Extensions.Resilience": "10.7.0"
        }
      },
      "Microsoft.OpenApi": {
        "type": "CentralTransitive",
        "requested": "[2.7.5, )",
        "resolved": "2.7.5",
        "contentHash": "0FA67RSnRM4tcBKqiqVu/HPdZ9+QOKbmeRjxRUGTCjPU4C0bmUhd97Dso7Yild5P7nOV6GxJ2xrK0Kv/O9xp0w=="
      },
      "OpenTelemetry.Api": {
        "type": "CentralTransitive",
        "requested": "[1.16.*, )",
        "resolved": "1.16.0",
        "contentHash": "WZP8Eb6vZTeNqeV+fjBitc7iefBoTHIhaWorqg/h/YiQBlcQJu0bICuTqKV0XRyjiE0eWs80yLlnUtHAFSkFWA=="
      },
      "Scalar.AspNetCore": {
        "type": "CentralTransitive",
        "requested": "[2.*, )",
        "resolved": "2.16.10",
        "contentHash": "dJsam1uxJ+h6YzaqDGjja1y3miyBd4VDumMwwow03yJapiRp3OtV5lMaOUvp8w5b16gAflYyvfj7HDL+0X2Rqw=="
      },
      "SmartFormat": {
        "type": "CentralTransitive",
        "requested": "[3.*, )",
        "resolved": "3.6.1",
        "contentHash": "URa4c3DJcP8B+WNK3jd1AyuBAXmyRKEwTifzJOLeZ9Vud5PcQTGzBG5XkyhebD4tYj+VdyHwwjeBtgwJSIig9A==",
        "dependencies": {
          "ZString": "2.6.0"
        }
      },
      "ZiggyCreatures.FusionCache": {
        "type": "CentralTransitive",
        "requested": "[2.*, )",
        "resolved": "2.6.0",
        "contentHash": "BCe+/SkwQZfaMpq2ZGDZB2pyx6BdGnP+zxqjMM/5K+4PBuH6hljZeIqH4KVzQ26khSbPsQ7IiYZl0Fve4OZOog=="
      },
      "ZiggyCreatures.FusionCache.OpenTelemetry": {
        "type": "CentralTransitive",
        "requested": "[2.*, )",
        "resolved": "2.6.0",
        "contentHash": "q917DogvL6Y9GamCLz6n/diC56sWUI3rvIuoZsqW7fyw7toWjcVDtSs/5mN8Weafbaj86RQSV5Q5Ysrm1ueJKQ==",
        "dependencies": {
          "OpenTelemetry.Api": "1.14.0",
          "ZiggyCreatures.FusionCache": "2.6.0"
        }
      },
      "ZiggyCreatures.FusionCache.Serialization.SystemTextJson": {
        "type": "CentralTransitive",
        "requested": "[2.*, )",
        "resolved": "2.6.0",
        "contentHash": "A00mNC7xrkC8LUAQMkeB3OtVTfGzyTyHxTgAOwfqaFdazO/54d3fT8LFoekpgSslkvDjKAIPlyafqsFBPLgQIw==",
        "dependencies": {
          "ZiggyCreatures.FusionCache": "2.6.0"
        }
      }
    }
  }
}